PODS:
  - AFNetworking (3.1.0):
    - AFNetworking/NSURLSession (= 3.1.0)
    - AFNetworking/Reachability (= 3.1.0)
    - AFNetworking/Security (= 3.1.0)
    - AFNetworking/Serialization (= 3.1.0)
    - AFNetworking/UIKit (= 3.1.0)
  - AFNetworking/NSURLSession (3.1.0):
    - AFNetworking/Reachability
    - AFNetworking/Security
    - AFNetworking/Serialization
  - AFNetworking/Reachability (3.1.0)
  - AFNetworking/Security (3.1.0)
  - AFNetworking/Serialization (3.1.0)
  - AFNetworking/UIKit (3.1.0):
    - AFNetworking/NSURLSession
  - M13ProgressSuite (1.2.7)
  - Masonry (1.0.1)
  - MBProgressHUD (1.0.0)
  - MJExtension (3.0.13)
  - MJRefresh (3.0.8)
  - NJKWebViewProgress (0.2.3):
    - NJKWebViewProgress/Core (= 0.2.3)
    - NJKWebViewProgress/ProgressView (= 0.2.3)
  - NJKWebViewProgress/Core (0.2.3)
  - NJKWebViewProgress/ProgressView (0.2.3)
  - pop (1.0.9)
  - Reachability (3.2)
  - ReactiveCocoa (2.5):
    - ReactiveCocoa/UI (= 2.5)
  - ReactiveCocoa/Core (2.5):
    - ReactiveCocoa/no-arc
  - ReactiveCocoa/no-arc (2.5)
  - ReactiveCocoa/UI (2.5):
    - ReactiveCocoa/Core
  - SDWebImage (3.8.1):
    - SDWebImage/Core (= 3.8.1)
  - SDWebImage/Core (3.8.1)
  - SVProgressHUD (2.0.3)

DEPENDENCIES:
  - AFNetworking (~> 3.1.0)
  - M13ProgressSuite (~> 1.2.7)
  - Masonry (~> 1.0.1)
  - MBProgressHUD (~> 1.0.0)
  - MJExtension (~> 3.0.8)
  - MJRefresh (~> 3.0.8)
  - NJKWebViewProgress (~> 0.2.3)
  - pop (~> 1.0.9)
  - Reachability (~> 3.2)
  - ReactiveCocoa (~> 2.5)
  - SDWebImage (~> 3.8.1)
  - SVProgressHUD (~> 2.0.3)

SPEC CHECKSUMS:
  AFNetworking: 5e0e199f73d8626b11e79750991f5d173d1f8b67
  M13ProgressSuite: 03d194af6359da440641ba758aed5a18b0386a86
  Masonry: a1a931a0d08870ed8ae415a2ea5ea68ebcac77df
  MBProgressHUD: 4890f671c94e8a0f3cf959aa731e9de2f036d71a
  MJExtension: 5932755f451458eefa24239358817f8d291240c7
  MJRefresh: fafde8f18f4afd66b434331a9beb67a6c0264056
  NJKWebViewProgress: f481fd424cb5ecc27eacae11b5397db92fba9a4d
  pop: f667631a5108a2e60d9e8797c9b32ddaf2080bce
  Reachability: 33e18b67625424e47b6cde6d202dce689ad7af96
  ReactiveCocoa: e2db045570aa97c695e7aa97c2bcab222ae51f4a
  SDWebImage: 35f9627a3e44b4f292a8a8ce6a531fa488239b91
  SVProgressHUD: b0830714205bea1317ea1a2ebc71e5633af334d4

PODFILE CHECKSUM: 1505c881a44ba4f704beabeabfbf1cadf3a8b470

COCOAPODS: 1.0.1
