// !$*UTF8*$!
{
	archiveVersion = 1;
	classes = {
	};
	objectVersion = 46;
	objects = {

/* Begin PBXBuildFile section */
		8C2225821DE593B000ABAD21 /* BSEssencePictureView.m in Sources */ = {isa = PBXBuildFile; fileRef = 8C2225811DE593B000ABAD21 /* BSEssencePictureView.m */; };
		8C2225871DE597FC00ABAD21 /* BSEssenceVoiceView.m in Sources */ = {isa = PBXBuildFile; fileRef = 8C2225861DE597FC00ABAD21 /* BSEssenceVoiceView.m */; };
		8C22258A1DE59FD500ABAD21 /* NSString+Extension.m in Sources */ = {isa = PBXBuildFile; fileRef = 8C2225891DE59FD500ABAD21 /* NSString+Extension.m */; };
		8C22258B1DE5C72B00ABAD21 /* BSEssenceVoiceView.m in Sources */ = {isa = PBXBuildFile; fileRef = 8C2225861DE597FC00ABAD21 /* BSEssenceVoiceView.m */; };
		8C2225901DE5D40800ABAD21 /* BSToolbarButton.m in Sources */ = {isa = PBXBuildFile; fileRef = 8C22258E1DE5D40800ABAD21 /* BSToolbarButton.m */; };
		8C2225931DE5D43B00ABAD21 /* BSEssenceVideoView.m in Sources */ = {isa = PBXBuildFile; fileRef = 8C2225921DE5D43B00ABAD21 /* BSEssenceVideoView.m */; };
		8C2225971DE65C4D00ABAD21 /* BSEssenceTopCommentView.m in Sources */ = {isa = PBXBuildFile; fileRef = 8C2225961DE65C4D00ABAD21 /* BSEssenceTopCommentView.m */; };
		8C22259A1DE65EF000ABAD21 /* BSCommentModel.m in Sources */ = {isa = PBXBuildFile; fileRef = 8C2225991DE65EF000ABAD21 /* BSCommentModel.m */; };
		8C22259D1DE65F1800ABAD21 /* BSUserModel.m in Sources */ = {isa = PBXBuildFile; fileRef = 8C22259C1DE65F1800ABAD21 /* BSUserModel.m */; };
		8C2225A11DE6C78600ABAD21 /* NSMutableAttributedString+Extension.m in Sources */ = {isa = PBXBuildFile; fileRef = 8C2225A01DE6C78600ABAD21 /* NSMutableAttributedString+Extension.m */; };
		8C2225A51DE6E2C100ABAD21 /* BSComentDetailViewController.m in Sources */ = {isa = PBXBuildFile; fileRef = 8C2225A41DE6E2C100ABAD21 /* BSComentDetailViewController.m */; };
		8C31EF961DD2FEBD00CA3CEA /* BSAttentionViewController.m in Sources */ = {isa = PBXBuildFile; fileRef = 8C31EF941DD2FEBD00CA3CEA /* BSAttentionViewController.m */; };
		8C31EF991DD2FEDE00CA3CEA /* BSRecommendViewController.m in Sources */ = {isa = PBXBuildFile; fileRef = 8C31EF981DD2FEDE00CA3CEA /* BSRecommendViewController.m */; };
		8C31EF9F1DD3026E00CA3CEA /* BSNetworkTool.m in Sources */ = {isa = PBXBuildFile; fileRef = 8C31EF9E1DD3026E00CA3CEA /* BSNetworkTool.m */; };
		8C31EFA61DD3197C00CA3CEA /* BSLeftTagModel.m in Sources */ = {isa = PBXBuildFile; fileRef = 8C31EFA51DD3197C00CA3CEA /* BSLeftTagModel.m */; };
		8C31EFA91DD31AEB00CA3CEA /* BSLeftTagResultModel.m in Sources */ = {isa = PBXBuildFile; fileRef = 8C31EFA81DD31AEB00CA3CEA /* BSLeftTagResultModel.m */; };
		8C31EFAC1DD320A300CA3CEA /* BSLeftTagNetworkTool.m in Sources */ = {isa = PBXBuildFile; fileRef = 8C31EFAB1DD320A300CA3CEA /* BSLeftTagNetworkTool.m */; };
		8C31EFAF1DD320F400CA3CEA /* BSLeftTagParameter.m in Sources */ = {isa = PBXBuildFile; fileRef = 8C31EFAE1DD320F400CA3CEA /* BSLeftTagParameter.m */; };
		8C31EFB21DD32FB000CA3CEA /* BSLeftTagCell.m in Sources */ = {isa = PBXBuildFile; fileRef = 8C31EFB11DD32FB000CA3CEA /* BSLeftTagCell.m */; };
		8C31EFB61DD410FB00CA3CEA /* BSUserGroupModel.m in Sources */ = {isa = PBXBuildFile; fileRef = 8C31EFB51DD410FB00CA3CEA /* BSUserGroupModel.m */; };
		8C31EFB91DD4111900CA3CEA /* BSUserGroupResultModel.m in Sources */ = {isa = PBXBuildFile; fileRef = 8C31EFB81DD4111900CA3CEA /* BSUserGroupResultModel.m */; };
		8C31EFBC1DD4113500CA3CEA /* BSUserGroupParameter.m in Sources */ = {isa = PBXBuildFile; fileRef = 8C31EFBB1DD4113500CA3CEA /* BSUserGroupParameter.m */; };
		8C31EFBF1DD413B100CA3CEA /* BSUserGroupNetworkTool.m in Sources */ = {isa = PBXBuildFile; fileRef = 8C31EFBE1DD413B100CA3CEA /* BSUserGroupNetworkTool.m */; };
		8C31EFC21DD4160500CA3CEA /* BSUserGroupCell.m in Sources */ = {isa = PBXBuildFile; fileRef = 8C31EFC11DD4160500CA3CEA /* BSUserGroupCell.m */; };
		8C31EFC51DD41BC800CA3CEA /* UIImageView+Extension.m in Sources */ = {isa = PBXBuildFile; fileRef = 8C31EFC41DD41BC800CA3CEA /* UIImageView+Extension.m */; };
		8C4D7ECA1DD1B4300076D629 /* NSObject+Extension.m in Sources */ = {isa = PBXBuildFile; fileRef = 8C4D7EC91DD1B4300076D629 /* NSObject+Extension.m */; };
		8C5CB2AF1DD1C9EE008AB412 /* UIButton+Extension.m in Sources */ = {isa = PBXBuildFile; fileRef = 8C5CB2AE1DD1C9EE008AB412 /* UIButton+Extension.m */; };
		8C85E1091DDDB079007E53B4 /* BSTagModel.m in Sources */ = {isa = PBXBuildFile; fileRef = 8C85E1061DDDB079007E53B4 /* BSTagModel.m */; };
		8C85E10A1DDDB079007E53B4 /* BSTagParameter.m in Sources */ = {isa = PBXBuildFile; fileRef = 8C85E1081DDDB079007E53B4 /* BSTagParameter.m */; };
		8C85E1161DDDB2CF007E53B4 /* BSInfoModel.m in Sources */ = {isa = PBXBuildFile; fileRef = 8C85E1151DDDB2CF007E53B4 /* BSInfoModel.m */; };
		8C85E1191DDDB31C007E53B4 /* BSThemsModel.m in Sources */ = {isa = PBXBuildFile; fileRef = 8C85E1181DDDB31C007E53B4 /* BSThemsModel.m */; };
		8C85E1231DDEFAFD007E53B4 /* BSBaseCell.m in Sources */ = {isa = PBXBuildFile; fileRef = 8C85E1221DDEFAFD007E53B4 /* BSBaseCell.m */; };
		8C85E1261DE04E4A007E53B4 /* NSDate+Extension.m in Sources */ = {isa = PBXBuildFile; fileRef = 8C85E1251DE04E4A007E53B4 /* NSDate+Extension.m */; };
		8C85E12D1DE1537A007E53B4 /* BSEssenceParameter.m in Sources */ = {isa = PBXBuildFile; fileRef = 8C85E12C1DE1537A007E53B4 /* BSEssenceParameter.m */; };
		8C85E1301DE153CF007E53B4 /* BSEssenceResult.m in Sources */ = {isa = PBXBuildFile; fileRef = 8C85E12F1DE153CF007E53B4 /* BSEssenceResult.m */; };
		8C85E1331DE15407007E53B4 /* BSEssenceListModel.m in Sources */ = {isa = PBXBuildFile; fileRef = 8C85E1321DE15407007E53B4 /* BSEssenceListModel.m */; };
		8C85E1371DE15618007E53B4 /* BSEssenceNetworkTool.m in Sources */ = {isa = PBXBuildFile; fileRef = 8C85E1361DE15618007E53B4 /* BSEssenceNetworkTool.m */; };
		8C85E1561DE15822007E53B4 /* BSEssenceViewController.m in Sources */ = {isa = PBXBuildFile; fileRef = 8C85E13D1DE15822007E53B4 /* BSEssenceViewController.m */; };
		8C85E15E1DE15822007E53B4 /* BSTagCell.m in Sources */ = {isa = PBXBuildFile; fileRef = 8C85E1501DE15822007E53B4 /* BSTagCell.m */; };
		8C85E15F1DE15822007E53B4 /* BSTagViewController.m in Sources */ = {isa = PBXBuildFile; fileRef = 8C85E1521DE15822007E53B4 /* BSTagViewController.m */; };
		8C85E16E1DE15EE7007E53B4 /* BSEssenceBaseViewController.m in Sources */ = {isa = PBXBuildFile; fileRef = 8C85E16D1DE15EE7007E53B4 /* BSEssenceBaseViewController.m */; };
		8C85E1791DE3E71E007E53B4 /* BSProgressView.m in Sources */ = {isa = PBXBuildFile; fileRef = 8C85E1781DE3E71E007E53B4 /* BSProgressView.m */; };
		8C85E17D1DE3ED27007E53B4 /* BSShowBigPicViewController.m in Sources */ = {isa = PBXBuildFile; fileRef = 8C85E17C1DE3ED27007E53B4 /* BSShowBigPicViewController.m */; };
		8C8E5A8B1DED2A7C007C370F /* BSMineCell.m in Sources */ = {isa = PBXBuildFile; fileRef = 8C8E5A8A1DED2A7C007C370F /* BSMineCell.m */; };
		8C8E5A8F1DED31A8007C370F /* BSMineFooterView.m in Sources */ = {isa = PBXBuildFile; fileRef = 8C8E5A8E1DED31A8007C370F /* BSMineFooterView.m */; };
		8C8E5A921DED3406007C370F /* BSMineParemeters.m in Sources */ = {isa = PBXBuildFile; fileRef = 8C8E5A911DED3406007C370F /* BSMineParemeters.m */; };
		8C8E5A951DED346B007C370F /* BSMineItemResult.m in Sources */ = {isa = PBXBuildFile; fileRef = 8C8E5A941DED346B007C370F /* BSMineItemResult.m */; };
		8C8E5A981DED3FDD007C370F /* BSMineItemModel.m in Sources */ = {isa = PBXBuildFile; fileRef = 8C8E5A971DED3FDD007C370F /* BSMineItemModel.m */; };
		8C8E5A9D1DED40C0007C370F /* BSMineItemNetworkTool.m in Sources */ = {isa = PBXBuildFile; fileRef = 8C8E5A9C1DED40C0007C370F /* BSMineItemNetworkTool.m */; };
		8C8E5AA11DED5A03007C370F /* BSSquareButton.m in Sources */ = {isa = PBXBuildFile; fileRef = 8C8E5AA01DED5A03007C370F /* BSSquareButton.m */; };
		8C8E5AA41DED6724007C370F /* BSWebViewController.m in Sources */ = {isa = PBXBuildFile; fileRef = 8C8E5AA31DED6724007C370F /* BSWebViewController.m */; };
		8C8E5AAD1DED8DF7007C370F /* BSPublishWordsViewController.m in Sources */ = {isa = PBXBuildFile; fileRef = 8C8E5AAC1DED8DF7007C370F /* BSPublishWordsViewController.m */; };
		8C8E5AB21DEE268A007C370F /* BSPublishView.m in Sources */ = {isa = PBXBuildFile; fileRef = 8C8E5AB11DEE268A007C370F /* BSPublishView.m */; };
		8C8E5AB51DEE26B2007C370F /* BSPlaceHolderTextView.m in Sources */ = {isa = PBXBuildFile; fileRef = 8C8E5AB41DEE26B2007C370F /* BSPlaceHolderTextView.m */; };
		8C8E5AB91DEE72FC007C370F /* BSInputToolbar.m in Sources */ = {isa = PBXBuildFile; fileRef = 8C8E5AB81DEE72FC007C370F /* BSInputToolbar.m */; };
		8C8E5ABC1DEEA841007C370F /* BSAddTagViewController.m in Sources */ = {isa = PBXBuildFile; fileRef = 8C8E5ABB1DEEA841007C370F /* BSAddTagViewController.m */; };
		8C8E5B0B1DEF7E96007C370F /* BSTitlteLeftButton.m in Sources */ = {isa = PBXBuildFile; fileRef = 8C8E5B0A1DEF7E96007C370F /* BSTitlteLeftButton.m */; };
		8C8E5B541DEFC88C007C370F /* BSTagTextField.m in Sources */ = {isa = PBXBuildFile; fileRef = 8C8E5B531DEFC88C007C370F /* BSTagTextField.m */; };
		8CA453241DE7D5A300EA93DB /* BSCmtDetailParameter.m in Sources */ = {isa = PBXBuildFile; fileRef = 8CA453231DE7D5A300EA93DB /* BSCmtDetailParameter.m */; };
		8CA453271DE7E0BF00EA93DB /* BSCmtDetailResult.m in Sources */ = {isa = PBXBuildFile; fileRef = 8CA453261DE7E0BF00EA93DB /* BSCmtDetailResult.m */; };
		8CA453311DE7E3BA00EA93DB /* BSCmtNetworkTool.m in Sources */ = {isa = PBXBuildFile; fileRef = 8CA453301DE7E3BA00EA93DB /* BSCmtNetworkTool.m */; };
		8CA453351DE80C6100EA93DB /* BSCmtSectionHeader.m in Sources */ = {isa = PBXBuildFile; fileRef = 8CA453341DE80C6100EA93DB /* BSCmtSectionHeader.m */; };
		8CA453391DE8126C00EA93DB /* BSCommentCell.m in Sources */ = {isa = PBXBuildFile; fileRef = 8CA453381DE8126C00EA93DB /* BSCommentCell.m */; };
		8CA5E3E71DD07359001EDAF2 /* main.m in Sources */ = {isa = PBXBuildFile; fileRef = 8CA5E3E61DD07359001EDAF2 /* main.m */; };
		8CA5E3F21DD07359001EDAF2 /* Assets.xcassets in Resources */ = {isa = PBXBuildFile; fileRef = 8CA5E3F11DD07359001EDAF2 /* Assets.xcassets */; };
		8CA5E4001DD0735A001EDAF2 /* BudejieTests.m in Sources */ = {isa = PBXBuildFile; fileRef = 8CA5E3FF1DD0735A001EDAF2 /* BudejieTests.m */; };
		8CA5E40B1DD0735A001EDAF2 /* BudejieUITests.m in Sources */ = {isa = PBXBuildFile; fileRef = 8CA5E40A1DD0735A001EDAF2 /* BudejieUITests.m */; };
		8CA5E4241DD0754D001EDAF2 /* AppDelegate.m in Sources */ = {isa = PBXBuildFile; fileRef = 8CA5E41A1DD0754D001EDAF2 /* AppDelegate.m */; };
		8CA5E4281DD077A6001EDAF2 /* BSBaseViewController.m in Sources */ = {isa = PBXBuildFile; fileRef = 8CA5E4271DD077A6001EDAF2 /* BSBaseViewController.m */; };
		8CA5E42A1DD077B0001EDAF2 /* BSBaseViewController.bundle in Resources */ = {isa = PBXBuildFile; fileRef = 8CA5E4291DD077B0001EDAF2 /* BSBaseViewController.bundle */; };
		8CA5E45D1DD07865001EDAF2 /* UIColor+Extension.m in Sources */ = {isa = PBXBuildFile; fileRef = 8CA5E45C1DD07865001EDAF2 /* UIColor+Extension.m */; };
		8CA5E4601DD078A9001EDAF2 /* UIImage+Extension.m in Sources */ = {isa = PBXBuildFile; fileRef = 8CA5E45F1DD078A9001EDAF2 /* UIImage+Extension.m */; };
		8CA5E4631DD078E0001EDAF2 /* UIView+Extension.m in Sources */ = {isa = PBXBuildFile; fileRef = 8CA5E4621DD078E0001EDAF2 /* UIView+Extension.m */; };
		8CA5E4781DD07C24001EDAF2 /* BSNavigationController.m in Sources */ = {isa = PBXBuildFile; fileRef = 8CA5E4771DD07C24001EDAF2 /* BSNavigationController.m */; };
		8CA5E49B1DD07FDF001EDAF2 /* BSNewestViewController.m in Sources */ = {isa = PBXBuildFile; fileRef = 8CA5E49A1DD07FDF001EDAF2 /* BSNewestViewController.m */; };
		8CA5E4A01DD09233001EDAF2 /* BSTabBarController.m in Sources */ = {isa = PBXBuildFile; fileRef = 8CA5E49F1DD09233001EDAF2 /* BSTabBarController.m */; };
		8CA5E4A31DD094CA001EDAF2 /* BSTabBar.m in Sources */ = {isa = PBXBuildFile; fileRef = 8CA5E4A21DD094CA001EDAF2 /* BSTabBar.m */; };
		8CBFA8C81DDB0472000C74CA /* BSTextField.m in Sources */ = {isa = PBXBuildFile; fileRef = 8CBFA8C71DDB0472000C74CA /* BSTextField.m */; };
		8CBFA8CB1DDB0A3D000C74CA /* BSVerticalButton.m in Sources */ = {isa = PBXBuildFile; fileRef = 8CBFA8CA1DDB0A3D000C74CA /* BSVerticalButton.m */; };
		8CBFA8CE1DDBE092000C74CA /* BSPushGuidView.m in Sources */ = {isa = PBXBuildFile; fileRef = 8CBFA8CD1DDBE092000C74CA /* BSPushGuidView.m */; };
		8CBFA8D01DDBE0A6000C74CA /* BSPushGuidView.xib in Resources */ = {isa = PBXBuildFile; fileRef = 8CBFA8CF1DDBE0A6000C74CA /* BSPushGuidView.xib */; };
		8CC48E051DDAF3FD007E881B /* BSLoginRegisterViewController.m in Sources */ = {isa = PBXBuildFile; fileRef = 8CC48E031DDAF3FD007E881B /* BSLoginRegisterViewController.m */; };
		8CC48E061DDAF3FD007E881B /* BSLoginRegisterViewController.xib in Resources */ = {isa = PBXBuildFile; fileRef = 8CC48E041DDAF3FD007E881B /* BSLoginRegisterViewController.xib */; };
		8CD4098F1DD567AF00FB43CD /* MBProgressHUD+Extension.m in Sources */ = {isa = PBXBuildFile; fileRef = 8CD4098E1DD567AF00FB43CD /* MBProgressHUD+Extension.m */; };
		8CD409A51DD5CC2D00FB43CD /* BSTagNetworkTool.m in Sources */ = {isa = PBXBuildFile; fileRef = 8CD409A41DD5CC2D00FB43CD /* BSTagNetworkTool.m */; };
		8CEDC0BE1DDAF1EB00EE6F56 /* BSMineViewController.m in Sources */ = {isa = PBXBuildFile; fileRef = 8CEDC0B81DDAF1EB00EE6F56 /* BSMineViewController.m */; };
		C33B09807F6E49D1BCCC9C12 /* libPods-Budejie.a in Frameworks */ = {isa = PBXBuildFile; fileRef = 2B7AF547169C538B5543672E /* libPods-Budejie.a */; };
/* End PBXBuildFile section */

/* Begin PBXContainerItemProxy section */
		8CA5E3FC1DD0735A001EDAF2 /* PBXContainerItemProxy */ = {
			isa = PBXContainerItemProxy;
			containerPortal = 8CA5E3DA1DD07359001EDAF2 /* Project object */;
			proxyType = 1;
			remoteGlobalIDString = 8CA5E3E11DD07359001EDAF2;
			remoteInfo = Budejie;
		};
		8CA5E4071DD0735A001EDAF2 /* PBXContainerItemProxy */ = {
			isa = PBXContainerItemProxy;
			containerPortal = 8CA5E3DA1DD07359001EDAF2 /* Project object */;
			proxyType = 1;
			remoteGlobalIDString = 8CA5E3E11DD07359001EDAF2;
			remoteInfo = Budejie;
		};
/* End PBXContainerItemProxy section */

/* Begin PBXFileReference section */
		076394FE801596C521CA8176 /* Pods-Budejie.debug.xcconfig */ = {isa = PBXFileReference; includeInIndex = 1; lastKnownFileType = text.xcconfig; name = "Pods-Budejie.debug.xcconfig"; path = "Pods/Target Support Files/Pods-Budejie/Pods-Budejie.debug.xcconfig"; sourceTree = "<group>"; };
		2B7AF547169C538B5543672E /* libPods-Budejie.a */ = {isa = PBXFileReference; explicitFileType = archive.ar; includeInIndex = 0; path = "libPods-Budejie.a"; sourceTree = BUILT_PRODUCTS_DIR; };
		8C2225811DE593B000ABAD21 /* BSEssencePictureView.m */ = {isa = PBXFileReference; fileEncoding = 4; lastKnownFileType = sourcecode.c.objc; path = BSEssencePictureView.m; sourceTree = "<group>"; };
		8C2225831DE593CA00ABAD21 /* BSEssencePictureView.h */ = {isa = PBXFileReference; fileEncoding = 4; lastKnownFileType = sourcecode.c.h; path = BSEssencePictureView.h; sourceTree = "<group>"; };
		8C2225851DE597FC00ABAD21 /* BSEssenceVoiceView.h */ = {isa = PBXFileReference; fileEncoding = 4; lastKnownFileType = sourcecode.c.h; path = BSEssenceVoiceView.h; sourceTree = "<group>"; };
		8C2225861DE597FC00ABAD21 /* BSEssenceVoiceView.m */ = {isa = PBXFileReference; fileEncoding = 4; lastKnownFileType = sourcecode.c.objc; path = BSEssenceVoiceView.m; sourceTree = "<group>"; };
		8C2225881DE59FD500ABAD21 /* NSString+Extension.h */ = {isa = PBXFileReference; fileEncoding = 4; lastKnownFileType = sourcecode.c.h; path = "NSString+Extension.h"; sourceTree = "<group>"; };
		8C2225891DE59FD500ABAD21 /* NSString+Extension.m */ = {isa = PBXFileReference; fileEncoding = 4; lastKnownFileType = sourcecode.c.objc; path = "NSString+Extension.m"; sourceTree = "<group>"; };
		8C22258D1DE5D40800ABAD21 /* BSToolbarButton.h */ = {isa = PBXFileReference; fileEncoding = 4; lastKnownFileType = sourcecode.c.h; path = BSToolbarButton.h; sourceTree = "<group>"; };
		8C22258E1DE5D40800ABAD21 /* BSToolbarButton.m */ = {isa = PBXFileReference; fileEncoding = 4; lastKnownFileType = sourcecode.c.objc; path = BSToolbarButton.m; sourceTree = "<group>"; };
		8C2225911DE5D43B00ABAD21 /* BSEssenceVideoView.h */ = {isa = PBXFileReference; fileEncoding = 4; lastKnownFileType = sourcecode.c.h; path = BSEssenceVideoView.h; sourceTree = "<group>"; };
		8C2225921DE5D43B00ABAD21 /* BSEssenceVideoView.m */ = {isa = PBXFileReference; fileEncoding = 4; lastKnownFileType = sourcecode.c.objc; path = BSEssenceVideoView.m; sourceTree = "<group>"; };
		8C2225951DE65C4D00ABAD21 /* BSEssenceTopCommentView.h */ = {isa = PBXFileReference; fileEncoding = 4; lastKnownFileType = sourcecode.c.h; path = BSEssenceTopCommentView.h; sourceTree = "<group>"; };
		8C2225961DE65C4D00ABAD21 /* BSEssenceTopCommentView.m */ = {isa = PBXFileReference; fileEncoding = 4; lastKnownFileType = sourcecode.c.objc; path = BSEssenceTopCommentView.m; sourceTree = "<group>"; };
		8C2225981DE65EF000ABAD21 /* BSCommentModel.h */ = {isa = PBXFileReference; fileEncoding = 4; lastKnownFileType = sourcecode.c.h; path = BSCommentModel.h; sourceTree = "<group>"; };
		8C2225991DE65EF000ABAD21 /* BSCommentModel.m */ = {isa = PBXFileReference; fileEncoding = 4; lastKnownFileType = sourcecode.c.objc; path = BSCommentModel.m; sourceTree = "<group>"; };
		8C22259B1DE65F1800ABAD21 /* BSUserModel.h */ = {isa = PBXFileReference; fileEncoding = 4; lastKnownFileType = sourcecode.c.h; path = BSUserModel.h; sourceTree = "<group>"; };
		8C22259C1DE65F1800ABAD21 /* BSUserModel.m */ = {isa = PBXFileReference; fileEncoding = 4; lastKnownFileType = sourcecode.c.objc; path = BSUserModel.m; sourceTree = "<group>"; };
		8C22259E1DE6919A00ABAD21 /* BSEssenceUIConstant.h */ = {isa = PBXFileReference; lastKnownFileType = sourcecode.c.h; path = BSEssenceUIConstant.h; sourceTree = "<group>"; };
		8C22259F1DE6C78600ABAD21 /* NSMutableAttributedString+Extension.h */ = {isa = PBXFileReference; fileEncoding = 4; lastKnownFileType = sourcecode.c.h; path = "NSMutableAttributedString+Extension.h"; sourceTree = "<group>"; };
		8C2225A01DE6C78600ABAD21 /* NSMutableAttributedString+Extension.m */ = {isa = PBXFileReference; fileEncoding = 4; lastKnownFileType = sourcecode.c.objc; path = "NSMutableAttributedString+Extension.m"; sourceTree = "<group>"; };
		8C2225A31DE6E2C100ABAD21 /* BSComentDetailViewController.h */ = {isa = PBXFileReference; fileEncoding = 4; lastKnownFileType = sourcecode.c.h; path = BSComentDetailViewController.h; sourceTree = "<group>"; };
		8C2225A41DE6E2C100ABAD21 /* BSComentDetailViewController.m */ = {isa = PBXFileReference; fileEncoding = 4; lastKnownFileType = sourcecode.c.objc; path = BSComentDetailViewController.m; sourceTree = "<group>"; };
		8C31EF931DD2FEBD00CA3CEA /* BSAttentionViewController.h */ = {isa = PBXFileReference; fileEncoding = 4; lastKnownFileType = sourcecode.c.h; path = BSAttentionViewController.h; sourceTree = "<group>"; };
		8C31EF941DD2FEBD00CA3CEA /* BSAttentionViewController.m */ = {isa = PBXFileReference; fileEncoding = 4; lastKnownFileType = sourcecode.c.objc; path = BSAttentionViewController.m; sourceTree = "<group>"; };
		8C31EF971DD2FEDE00CA3CEA /* BSRecommendViewController.h */ = {isa = PBXFileReference; fileEncoding = 4; lastKnownFileType = sourcecode.c.h; path = BSRecommendViewController.h; sourceTree = "<group>"; };
		8C31EF981DD2FEDE00CA3CEA /* BSRecommendViewController.m */ = {isa = PBXFileReference; fileEncoding = 4; lastKnownFileType = sourcecode.c.objc; path = BSRecommendViewController.m; sourceTree = "<group>"; };
		8C31EF9B1DD301F900CA3CEA /* BSLog.h */ = {isa = PBXFileReference; fileEncoding = 4; lastKnownFileType = sourcecode.c.h; path = BSLog.h; sourceTree = "<group>"; };
		8C31EF9D1DD3026E00CA3CEA /* BSNetworkTool.h */ = {isa = PBXFileReference; fileEncoding = 4; lastKnownFileType = sourcecode.c.h; path = BSNetworkTool.h; sourceTree = "<group>"; };
		8C31EF9E1DD3026E00CA3CEA /* BSNetworkTool.m */ = {isa = PBXFileReference; fileEncoding = 4; lastKnownFileType = sourcecode.c.objc; path = BSNetworkTool.m; sourceTree = "<group>"; };
		8C31EFA41DD3197C00CA3CEA /* BSLeftTagModel.h */ = {isa = PBXFileReference; fileEncoding = 4; lastKnownFileType = sourcecode.c.h; path = BSLeftTagModel.h; sourceTree = "<group>"; };
		8C31EFA51DD3197C00CA3CEA /* BSLeftTagModel.m */ = {isa = PBXFileReference; fileEncoding = 4; lastKnownFileType = sourcecode.c.objc; path = BSLeftTagModel.m; sourceTree = "<group>"; };
		8C31EFA71DD31AEB00CA3CEA /* BSLeftTagResultModel.h */ = {isa = PBXFileReference; fileEncoding = 4; lastKnownFileType = sourcecode.c.h; path = BSLeftTagResultModel.h; sourceTree = "<group>"; };
		8C31EFA81DD31AEB00CA3CEA /* BSLeftTagResultModel.m */ = {isa = PBXFileReference; fileEncoding = 4; lastKnownFileType = sourcecode.c.objc; path = BSLeftTagResultModel.m; sourceTree = "<group>"; };
		8C31EFAA1DD320A300CA3CEA /* BSLeftTagNetworkTool.h */ = {isa = PBXFileReference; fileEncoding = 4; lastKnownFileType = sourcecode.c.h; path = BSLeftTagNetworkTool.h; sourceTree = "<group>"; };
		8C31EFAB1DD320A300CA3CEA /* BSLeftTagNetworkTool.m */ = {isa = PBXFileReference; fileEncoding = 4; lastKnownFileType = sourcecode.c.objc; path = BSLeftTagNetworkTool.m; sourceTree = "<group>"; };
		8C31EFAD1DD320F400CA3CEA /* BSLeftTagParameter.h */ = {isa = PBXFileReference; fileEncoding = 4; lastKnownFileType = sourcecode.c.h; path = BSLeftTagParameter.h; sourceTree = "<group>"; };
		8C31EFAE1DD320F400CA3CEA /* BSLeftTagParameter.m */ = {isa = PBXFileReference; fileEncoding = 4; lastKnownFileType = sourcecode.c.objc; path = BSLeftTagParameter.m; sourceTree = "<group>"; };
		8C31EFB01DD32FB000CA3CEA /* BSLeftTagCell.h */ = {isa = PBXFileReference; fileEncoding = 4; lastKnownFileType = sourcecode.c.h; path = BSLeftTagCell.h; sourceTree = "<group>"; };
		8C31EFB11DD32FB000CA3CEA /* BSLeftTagCell.m */ = {isa = PBXFileReference; fileEncoding = 4; lastKnownFileType = sourcecode.c.objc; path = BSLeftTagCell.m; sourceTree = "<group>"; };
		8C31EFB41DD410FB00CA3CEA /* BSUserGroupModel.h */ = {isa = PBXFileReference; fileEncoding = 4; lastKnownFileType = sourcecode.c.h; path = BSUserGroupModel.h; sourceTree = "<group>"; };
		8C31EFB51DD410FB00CA3CEA /* BSUserGroupModel.m */ = {isa = PBXFileReference; fileEncoding = 4; lastKnownFileType = sourcecode.c.objc; path = BSUserGroupModel.m; sourceTree = "<group>"; };
		8C31EFB71DD4111800CA3CEA /* BSUserGroupResultModel.h */ = {isa = PBXFileReference; fileEncoding = 4; lastKnownFileType = sourcecode.c.h; path = BSUserGroupResultModel.h; sourceTree = "<group>"; };
		8C31EFB81DD4111900CA3CEA /* BSUserGroupResultModel.m */ = {isa = PBXFileReference; fileEncoding = 4; lastKnownFileType = sourcecode.c.objc; path = BSUserGroupResultModel.m; sourceTree = "<group>"; };
		8C31EFBA1DD4113500CA3CEA /* BSUserGroupParameter.h */ = {isa = PBXFileReference; fileEncoding = 4; lastKnownFileType = sourcecode.c.h; path = BSUserGroupParameter.h; sourceTree = "<group>"; };
		8C31EFBB1DD4113500CA3CEA /* BSUserGroupParameter.m */ = {isa = PBXFileReference; fileEncoding = 4; lastKnownFileType = sourcecode.c.objc; path = BSUserGroupParameter.m; sourceTree = "<group>"; };
		8C31EFBD1DD413B100CA3CEA /* BSUserGroupNetworkTool.h */ = {isa = PBXFileReference; fileEncoding = 4; lastKnownFileType = sourcecode.c.h; path = BSUserGroupNetworkTool.h; sourceTree = "<group>"; };
		8C31EFBE1DD413B100CA3CEA /* BSUserGroupNetworkTool.m */ = {isa = PBXFileReference; fileEncoding = 4; lastKnownFileType = sourcecode.c.objc; path = BSUserGroupNetworkTool.m; sourceTree = "<group>"; };
		8C31EFC01DD4160500CA3CEA /* BSUserGroupCell.h */ = {isa = PBXFileReference; fileEncoding = 4; lastKnownFileType = sourcecode.c.h; path = BSUserGroupCell.h; sourceTree = "<group>"; };
		8C31EFC11DD4160500CA3CEA /* BSUserGroupCell.m */ = {isa = PBXFileReference; fileEncoding = 4; lastKnownFileType = sourcecode.c.objc; path = BSUserGroupCell.m; sourceTree = "<group>"; };
		8C31EFC31DD41BC800CA3CEA /* UIImageView+Extension.h */ = {isa = PBXFileReference; fileEncoding = 4; lastKnownFileType = sourcecode.c.h; path = "UIImageView+Extension.h"; sourceTree = "<group>"; };
		8C31EFC41DD41BC800CA3CEA /* UIImageView+Extension.m */ = {isa = PBXFileReference; fileEncoding = 4; lastKnownFileType = sourcecode.c.objc; path = "UIImageView+Extension.m"; sourceTree = "<group>"; };
		8C4D7EC81DD1B4300076D629 /* NSObject+Extension.h */ = {isa = PBXFileReference; fileEncoding = 4; lastKnownFileType = sourcecode.c.h; path = "NSObject+Extension.h"; sourceTree = "<group>"; };
		8C4D7EC91DD1B4300076D629 /* NSObject+Extension.m */ = {isa = PBXFileReference; fileEncoding = 4; lastKnownFileType = sourcecode.c.objc; path = "NSObject+Extension.m"; sourceTree = "<group>"; };
		8C5CB2AD1DD1C9EE008AB412 /* UIButton+Extension.h */ = {isa = PBXFileReference; fileEncoding = 4; lastKnownFileType = sourcecode.c.h; path = "UIButton+Extension.h"; sourceTree = "<group>"; };
		8C5CB2AE1DD1C9EE008AB412 /* UIButton+Extension.m */ = {isa = PBXFileReference; fileEncoding = 4; lastKnownFileType = sourcecode.c.objc; path = "UIButton+Extension.m"; sourceTree = "<group>"; };
		8C85E1051DDDB079007E53B4 /* BSTagModel.h */ = {isa = PBXFileReference; fileEncoding = 4; lastKnownFileType = sourcecode.c.h; path = BSTagModel.h; sourceTree = "<group>"; };
		8C85E1061DDDB079007E53B4 /* BSTagModel.m */ = {isa = PBXFileReference; fileEncoding = 4; lastKnownFileType = sourcecode.c.objc; path = BSTagModel.m; sourceTree = "<group>"; };
		8C85E1071DDDB079007E53B4 /* BSTagParameter.h */ = {isa = PBXFileReference; fileEncoding = 4; lastKnownFileType = sourcecode.c.h; path = BSTagParameter.h; sourceTree = "<group>"; };
		8C85E1081DDDB079007E53B4 /* BSTagParameter.m */ = {isa = PBXFileReference; fileEncoding = 4; lastKnownFileType = sourcecode.c.objc; path = BSTagParameter.m; sourceTree = "<group>"; };
		8C85E1141DDDB2CF007E53B4 /* BSInfoModel.h */ = {isa = PBXFileReference; fileEncoding = 4; lastKnownFileType = sourcecode.c.h; name = BSInfoModel.h; path = ../JokeModel/BSInfoModel.h; sourceTree = "<group>"; };
		8C85E1151DDDB2CF007E53B4 /* BSInfoModel.m */ = {isa = PBXFileReference; fileEncoding = 4; lastKnownFileType = sourcecode.c.objc; name = BSInfoModel.m; path = ../JokeModel/BSInfoModel.m; sourceTree = "<group>"; };
		8C85E1171DDDB31C007E53B4 /* BSThemsModel.h */ = {isa = PBXFileReference; fileEncoding = 4; lastKnownFileType = sourcecode.c.h; name = BSThemsModel.h; path = ../JokeModel/BSThemsModel.h; sourceTree = "<group>"; };
		8C85E1181DDDB31C007E53B4 /* BSThemsModel.m */ = {isa = PBXFileReference; fileEncoding = 4; lastKnownFileType = sourcecode.c.objc; name = BSThemsModel.m; path = ../JokeModel/BSThemsModel.m; sourceTree = "<group>"; };
		8C85E1211DDEFAFD007E53B4 /* BSBaseCell.h */ = {isa = PBXFileReference; fileEncoding = 4; lastKnownFileType = sourcecode.c.h; path = BSBaseCell.h; sourceTree = "<group>"; };
		8C85E1221DDEFAFD007E53B4 /* BSBaseCell.m */ = {isa = PBXFileReference; fileEncoding = 4; lastKnownFileType = sourcecode.c.objc; path = BSBaseCell.m; sourceTree = "<group>"; };
		8C85E1241DE04E4A007E53B4 /* NSDate+Extension.h */ = {isa = PBXFileReference; fileEncoding = 4; lastKnownFileType = sourcecode.c.h; path = "NSDate+Extension.h"; sourceTree = "<group>"; };
		8C85E1251DE04E4A007E53B4 /* NSDate+Extension.m */ = {isa = PBXFileReference; fileEncoding = 4; lastKnownFileType = sourcecode.c.objc; path = "NSDate+Extension.m"; sourceTree = "<group>"; };
		8C85E12B1DE1537A007E53B4 /* BSEssenceParameter.h */ = {isa = PBXFileReference; fileEncoding = 4; lastKnownFileType = sourcecode.c.h; path = BSEssenceParameter.h; sourceTree = "<group>"; };
		8C85E12C1DE1537A007E53B4 /* BSEssenceParameter.m */ = {isa = PBXFileReference; fileEncoding = 4; lastKnownFileType = sourcecode.c.objc; path = BSEssenceParameter.m; sourceTree = "<group>"; };
		8C85E12E1DE153CF007E53B4 /* BSEssenceResult.h */ = {isa = PBXFileReference; fileEncoding = 4; lastKnownFileType = sourcecode.c.h; path = BSEssenceResult.h; sourceTree = "<group>"; };
		8C85E12F1DE153CF007E53B4 /* BSEssenceResult.m */ = {isa = PBXFileReference; fileEncoding = 4; lastKnownFileType = sourcecode.c.objc; path = BSEssenceResult.m; sourceTree = "<group>"; };
		8C85E1311DE15407007E53B4 /* BSEssenceListModel.h */ = {isa = PBXFileReference; fileEncoding = 4; lastKnownFileType = sourcecode.c.h; path = BSEssenceListModel.h; sourceTree = "<group>"; };
		8C85E1321DE15407007E53B4 /* BSEssenceListModel.m */ = {isa = PBXFileReference; fileEncoding = 4; lastKnownFileType = sourcecode.c.objc; path = BSEssenceListModel.m; sourceTree = "<group>"; };
		8C85E1351DE15618007E53B4 /* BSEssenceNetworkTool.h */ = {isa = PBXFileReference; fileEncoding = 4; lastKnownFileType = sourcecode.c.h; path = BSEssenceNetworkTool.h; sourceTree = "<group>"; };
		8C85E1361DE15618007E53B4 /* BSEssenceNetworkTool.m */ = {isa = PBXFileReference; fileEncoding = 4; lastKnownFileType = sourcecode.c.objc; path = BSEssenceNetworkTool.m; sourceTree = "<group>"; };
		8C85E13C1DE15822007E53B4 /* BSEssenceViewController.h */ = {isa = PBXFileReference; fileEncoding = 4; lastKnownFileType = sourcecode.c.h; path = BSEssenceViewController.h; sourceTree = "<group>"; };
		8C85E13D1DE15822007E53B4 /* BSEssenceViewController.m */ = {isa = PBXFileReference; fileEncoding = 4; lastKnownFileType = sourcecode.c.objc; path = BSEssenceViewController.m; sourceTree = "<group>"; };
		8C85E14F1DE15822007E53B4 /* BSTagCell.h */ = {isa = PBXFileReference; fileEncoding = 4; lastKnownFileType = sourcecode.c.h; path = BSTagCell.h; sourceTree = "<group>"; };
		8C85E1501DE15822007E53B4 /* BSTagCell.m */ = {isa = PBXFileReference; fileEncoding = 4; lastKnownFileType = sourcecode.c.objc; path = BSTagCell.m; sourceTree = "<group>"; };
		8C85E1511DE15822007E53B4 /* BSTagViewController.h */ = {isa = PBXFileReference; fileEncoding = 4; lastKnownFileType = sourcecode.c.h; path = BSTagViewController.h; sourceTree = "<group>"; };
		8C85E1521DE15822007E53B4 /* BSTagViewController.m */ = {isa = PBXFileReference; fileEncoding = 4; lastKnownFileType = sourcecode.c.objc; path = BSTagViewController.m; sourceTree = "<group>"; };
		8C85E16C1DE15EE7007E53B4 /* BSEssenceBaseViewController.h */ = {isa = PBXFileReference; fileEncoding = 4; lastKnownFileType = sourcecode.c.h; path = BSEssenceBaseViewController.h; sourceTree = "<group>"; };
		8C85E16D1DE15EE7007E53B4 /* BSEssenceBaseViewController.m */ = {isa = PBXFileReference; fileEncoding = 4; lastKnownFileType = sourcecode.c.objc; path = BSEssenceBaseViewController.m; sourceTree = "<group>"; };
		8C85E16F1DE29D48007E53B4 /* BSEnum.h */ = {isa = PBXFileReference; lastKnownFileType = sourcecode.c.h; path = BSEnum.h; sourceTree = "<group>"; };
		8C85E1771DE3E71E007E53B4 /* BSProgressView.h */ = {isa = PBXFileReference; fileEncoding = 4; lastKnownFileType = sourcecode.c.h; path = BSProgressView.h; sourceTree = "<group>"; };
		8C85E1781DE3E71E007E53B4 /* BSProgressView.m */ = {isa = PBXFileReference; fileEncoding = 4; lastKnownFileType = sourcecode.c.objc; path = BSProgressView.m; sourceTree = "<group>"; };
		8C85E17B1DE3ED27007E53B4 /* BSShowBigPicViewController.h */ = {isa = PBXFileReference; fileEncoding = 4; lastKnownFileType = sourcecode.c.h; path = BSShowBigPicViewController.h; sourceTree = "<group>"; };
		8C85E17C1DE3ED27007E53B4 /* BSShowBigPicViewController.m */ = {isa = PBXFileReference; fileEncoding = 4; lastKnownFileType = sourcecode.c.objc; path = BSShowBigPicViewController.m; sourceTree = "<group>"; };
		8C8E5A891DED2A7C007C370F /* BSMineCell.h */ = {isa = PBXFileReference; fileEncoding = 4; lastKnownFileType = sourcecode.c.h; path = BSMineCell.h; sourceTree = "<group>"; };
		8C8E5A8A1DED2A7C007C370F /* BSMineCell.m */ = {isa = PBXFileReference; fileEncoding = 4; lastKnownFileType = sourcecode.c.objc; path = BSMineCell.m; sourceTree = "<group>"; };
		8C8E5A8D1DED31A8007C370F /* BSMineFooterView.h */ = {isa = PBXFileReference; fileEncoding = 4; lastKnownFileType = sourcecode.c.h; path = BSMineFooterView.h; sourceTree = "<group>"; };
		8C8E5A8E1DED31A8007C370F /* BSMineFooterView.m */ = {isa = PBXFileReference; fileEncoding = 4; lastKnownFileType = sourcecode.c.objc; path = BSMineFooterView.m; sourceTree = "<group>"; };
		8C8E5A901DED3406007C370F /* BSMineParemeters.h */ = {isa = PBXFileReference; fileEncoding = 4; lastKnownFileType = sourcecode.c.h; path = BSMineParemeters.h; sourceTree = "<group>"; };
		8C8E5A911DED3406007C370F /* BSMineParemeters.m */ = {isa = PBXFileReference; fileEncoding = 4; lastKnownFileType = sourcecode.c.objc; path = BSMineParemeters.m; sourceTree = "<group>"; };
		8C8E5A931DED346B007C370F /* BSMineItemResult.h */ = {isa = PBXFileReference; fileEncoding = 4; lastKnownFileType = sourcecode.c.h; path = BSMineItemResult.h; sourceTree = "<group>"; };
		8C8E5A941DED346B007C370F /* BSMineItemResult.m */ = {isa = PBXFileReference; fileEncoding = 4; lastKnownFileType = sourcecode.c.objc; path = BSMineItemResult.m; sourceTree = "<group>"; };
		8C8E5A961DED3FDD007C370F /* BSMineItemModel.h */ = {isa = PBXFileReference; fileEncoding = 4; lastKnownFileType = sourcecode.c.h; path = BSMineItemModel.h; sourceTree = "<group>"; };
		8C8E5A971DED3FDD007C370F /* BSMineItemModel.m */ = {isa = PBXFileReference; fileEncoding = 4; lastKnownFileType = sourcecode.c.objc; path = BSMineItemModel.m; sourceTree = "<group>"; };
		8C8E5A9B1DED40C0007C370F /* BSMineItemNetworkTool.h */ = {isa = PBXFileReference; fileEncoding = 4; lastKnownFileType = sourcecode.c.h; path = BSMineItemNetworkTool.h; sourceTree = "<group>"; };
		8C8E5A9C1DED40C0007C370F /* BSMineItemNetworkTool.m */ = {isa = PBXFileReference; fileEncoding = 4; lastKnownFileType = sourcecode.c.objc; path = BSMineItemNetworkTool.m; sourceTree = "<group>"; };
		8C8E5A9F1DED5A03007C370F /* BSSquareButton.h */ = {isa = PBXFileReference; fileEncoding = 4; lastKnownFileType = sourcecode.c.h; path = BSSquareButton.h; sourceTree = "<group>"; };
		8C8E5AA01DED5A03007C370F /* BSSquareButton.m */ = {isa = PBXFileReference; fileEncoding = 4; lastKnownFileType = sourcecode.c.objc; path = BSSquareButton.m; sourceTree = "<group>"; };
		8C8E5AA21DED6724007C370F /* BSWebViewController.h */ = {isa = PBXFileReference; fileEncoding = 4; lastKnownFileType = sourcecode.c.h; path = BSWebViewController.h; sourceTree = "<group>"; };
		8C8E5AA31DED6724007C370F /* BSWebViewController.m */ = {isa = PBXFileReference; fileEncoding = 4; lastKnownFileType = sourcecode.c.objc; path = BSWebViewController.m; sourceTree = "<group>"; };
		8C8E5AAB1DED8DF7007C370F /* BSPublishWordsViewController.h */ = {isa = PBXFileReference; fileEncoding = 4; lastKnownFileType = sourcecode.c.h; path = BSPublishWordsViewController.h; sourceTree = "<group>"; };
		8C8E5AAC1DED8DF7007C370F /* BSPublishWordsViewController.m */ = {isa = PBXFileReference; fileEncoding = 4; lastKnownFileType = sourcecode.c.objc; path = BSPublishWordsViewController.m; sourceTree = "<group>"; };
		8C8E5AB01DEE268A007C370F /* BSPublishView.h */ = {isa = PBXFileReference; fileEncoding = 4; lastKnownFileType = sourcecode.c.h; path = BSPublishView.h; sourceTree = "<group>"; };
		8C8E5AB11DEE268A007C370F /* BSPublishView.m */ = {isa = PBXFileReference; fileEncoding = 4; lastKnownFileType = sourcecode.c.objc; path = BSPublishView.m; sourceTree = "<group>"; };
		8C8E5AB31DEE26B2007C370F /* BSPlaceHolderTextView.h */ = {isa = PBXFileReference; fileEncoding = 4; lastKnownFileType = sourcecode.c.h; path = BSPlaceHolderTextView.h; sourceTree = "<group>"; };
		8C8E5AB41DEE26B2007C370F /* BSPlaceHolderTextView.m */ = {isa = PBXFileReference; fileEncoding = 4; lastKnownFileType = sourcecode.c.objc; path = BSPlaceHolderTextView.m; sourceTree = "<group>"; };
		8C8E5AB71DEE72FC007C370F /* BSInputToolbar.h */ = {isa = PBXFileReference; fileEncoding = 4; lastKnownFileType = sourcecode.c.h; path = BSInputToolbar.h; sourceTree = "<group>"; };
		8C8E5AB81DEE72FC007C370F /* BSInputToolbar.m */ = {isa = PBXFileReference; fileEncoding = 4; lastKnownFileType = sourcecode.c.objc; path = BSInputToolbar.m; sourceTree = "<group>"; };
		8C8E5ABA1DEEA841007C370F /* BSAddTagViewController.h */ = {isa = PBXFileReference; fileEncoding = 4; lastKnownFileType = sourcecode.c.h; path = BSAddTagViewController.h; sourceTree = "<group>"; };
		8C8E5ABB1DEEA841007C370F /* BSAddTagViewController.m */ = {isa = PBXFileReference; fileEncoding = 4; lastKnownFileType = sourcecode.c.objc; path = BSAddTagViewController.m; sourceTree = "<group>"; };
		8C8E5B091DEF7E96007C370F /* BSTitlteLeftButton.h */ = {isa = PBXFileReference; fileEncoding = 4; lastKnownFileType = sourcecode.c.h; path = BSTitlteLeftButton.h; sourceTree = "<group>"; };
		8C8E5B0A1DEF7E96007C370F /* BSTitlteLeftButton.m */ = {isa = PBXFileReference; fileEncoding = 4; lastKnownFileType = sourcecode.c.objc; path = BSTitlteLeftButton.m; sourceTree = "<group>"; };
		8C8E5B521DEFC88C007C370F /* BSTagTextField.h */ = {isa = PBXFileReference; fileEncoding = 4; lastKnownFileType = sourcecode.c.h; path = BSTagTextField.h; sourceTree = "<group>"; };
		8C8E5B531DEFC88C007C370F /* BSTagTextField.m */ = {isa = PBXFileReference; fileEncoding = 4; lastKnownFileType = sourcecode.c.objc; path = BSTagTextField.m; sourceTree = "<group>"; };
		8CA453221DE7D5A300EA93DB /* BSCmtDetailParameter.h */ = {isa = PBXFileReference; fileEncoding = 4; lastKnownFileType = sourcecode.c.h; path = BSCmtDetailParameter.h; sourceTree = "<group>"; };
		8CA453231DE7D5A300EA93DB /* BSCmtDetailParameter.m */ = {isa = PBXFileReference; fileEncoding = 4; lastKnownFileType = sourcecode.c.objc; path = BSCmtDetailParameter.m; sourceTree = "<group>"; };
		8CA453251DE7E0BF00EA93DB /* BSCmtDetailResult.h */ = {isa = PBXFileReference; fileEncoding = 4; lastKnownFileType = sourcecode.c.h; path = BSCmtDetailResult.h; sourceTree = "<group>"; };
		8CA453261DE7E0BF00EA93DB /* BSCmtDetailResult.m */ = {isa = PBXFileReference; fileEncoding = 4; lastKnownFileType = sourcecode.c.objc; path = BSCmtDetailResult.m; sourceTree = "<group>"; };
		8CA4532F1DE7E3BA00EA93DB /* BSCmtNetworkTool.h */ = {isa = PBXFileReference; fileEncoding = 4; lastKnownFileType = sourcecode.c.h; path = BSCmtNetworkTool.h; sourceTree = "<group>"; };
		8CA453301DE7E3BA00EA93DB /* BSCmtNetworkTool.m */ = {isa = PBXFileReference; fileEncoding = 4; lastKnownFileType = sourcecode.c.objc; path = BSCmtNetworkTool.m; sourceTree = "<group>"; };
		8CA453331DE80C6100EA93DB /* BSCmtSectionHeader.h */ = {isa = PBXFileReference; fileEncoding = 4; lastKnownFileType = sourcecode.c.h; path = BSCmtSectionHeader.h; sourceTree = "<group>"; };
		8CA453341DE80C6100EA93DB /* BSCmtSectionHeader.m */ = {isa = PBXFileReference; fileEncoding = 4; lastKnownFileType = sourcecode.c.objc; path = BSCmtSectionHeader.m; sourceTree = "<group>"; };
		8CA453371DE8126C00EA93DB /* BSCommentCell.h */ = {isa = PBXFileReference; fileEncoding = 4; lastKnownFileType = sourcecode.c.h; path = BSCommentCell.h; sourceTree = "<group>"; };
		8CA453381DE8126C00EA93DB /* BSCommentCell.m */ = {isa = PBXFileReference; fileEncoding = 4; lastKnownFileType = sourcecode.c.objc; path = BSCommentCell.m; sourceTree = "<group>"; };
		8CA5E3E21DD07359001EDAF2 /* Budejie.app */ = {isa = PBXFileReference; explicitFileType = wrapper.application; includeInIndex = 0; path = Budejie.app; sourceTree = BUILT_PRODUCTS_DIR; };
		8CA5E3E61DD07359001EDAF2 /* main.m */ = {isa = PBXFileReference; lastKnownFileType = sourcecode.c.objc; path = main.m; sourceTree = "<group>"; };
		8CA5E3F11DD07359001EDAF2 /* Assets.xcassets */ = {isa = PBXFileReference; lastKnownFileType = folder.assetcatalog; path = Assets.xcassets; sourceTree = "<group>"; };
		8CA5E3F61DD07359001EDAF2 /* Info.plist */ = {isa = PBXFileReference; lastKnownFileType = text.plist.xml; path = Info.plist; sourceTree = "<group>"; };
		8CA5E3FB1DD0735A001EDAF2 /* BudejieTests.xctest */ = {isa = PBXFileReference; explicitFileType = wrapper.cfbundle; includeInIndex = 0; path = BudejieTests.xctest; sourceTree = BUILT_PRODUCTS_DIR; };
		8CA5E3FF1DD0735A001EDAF2 /* BudejieTests.m */ = {isa = PBXFileReference; lastKnownFileType = sourcecode.c.objc; path = BudejieTests.m; sourceTree = "<group>"; };
		8CA5E4011DD0735A001EDAF2 /* Info.plist */ = {isa = PBXFileReference; lastKnownFileType = text.plist.xml; path = Info.plist; sourceTree = "<group>"; };
		8CA5E4061DD0735A001EDAF2 /* BudejieUITests.xctest */ = {isa = PBXFileReference; explicitFileType = wrapper.cfbundle; includeInIndex = 0; path = BudejieUITests.xctest; sourceTree = BUILT_PRODUCTS_DIR; };
		8CA5E40A1DD0735A001EDAF2 /* BudejieUITests.m */ = {isa = PBXFileReference; lastKnownFileType = sourcecode.c.objc; path = BudejieUITests.m; sourceTree = "<group>"; };
		8CA5E40C1DD0735A001EDAF2 /* Info.plist */ = {isa = PBXFileReference; lastKnownFileType = text.plist.xml; path = Info.plist; sourceTree = "<group>"; };
		8CA5E4191DD0754D001EDAF2 /* AppDelegate.h */ = {isa = PBXFileReference; fileEncoding = 4; lastKnownFileType = sourcecode.c.h; path = AppDelegate.h; sourceTree = "<group>"; };
		8CA5E41A1DD0754D001EDAF2 /* AppDelegate.m */ = {isa = PBXFileReference; fileEncoding = 4; lastKnownFileType = sourcecode.c.objc; path = AppDelegate.m; sourceTree = "<group>"; };
		8CA5E4251DD0756F001EDAF2 /* PrefixHeader.pch */ = {isa = PBXFileReference; lastKnownFileType = sourcecode.c.h; path = PrefixHeader.pch; sourceTree = "<group>"; };
		8CA5E4261DD077A6001EDAF2 /* BSBaseViewController.h */ = {isa = PBXFileReference; fileEncoding = 4; lastKnownFileType = sourcecode.c.h; path = BSBaseViewController.h; sourceTree = "<group>"; };
		8CA5E4271DD077A6001EDAF2 /* BSBaseViewController.m */ = {isa = PBXFileReference; fileEncoding = 4; lastKnownFileType = sourcecode.c.objc; path = BSBaseViewController.m; sourceTree = "<group>"; };
		8CA5E4291DD077B0001EDAF2 /* BSBaseViewController.bundle */ = {isa = PBXFileReference; lastKnownFileType = "wrapper.plug-in"; path = BSBaseViewController.bundle; sourceTree = "<group>"; };
		8CA5E45B1DD07865001EDAF2 /* UIColor+Extension.h */ = {isa = PBXFileReference; fileEncoding = 4; lastKnownFileType = sourcecode.c.h; path = "UIColor+Extension.h"; sourceTree = "<group>"; };
		8CA5E45C1DD07865001EDAF2 /* UIColor+Extension.m */ = {isa = PBXFileReference; fileEncoding = 4; lastKnownFileType = sourcecode.c.objc; path = "UIColor+Extension.m"; sourceTree = "<group>"; };
		8CA5E45E1DD078A9001EDAF2 /* UIImage+Extension.h */ = {isa = PBXFileReference; fileEncoding = 4; lastKnownFileType = sourcecode.c.h; path = "UIImage+Extension.h"; sourceTree = "<group>"; };
		8CA5E45F1DD078A9001EDAF2 /* UIImage+Extension.m */ = {isa = PBXFileReference; fileEncoding = 4; lastKnownFileType = sourcecode.c.objc; path = "UIImage+Extension.m"; sourceTree = "<group>"; };
		8CA5E4611DD078E0001EDAF2 /* UIView+Extension.h */ = {isa = PBXFileReference; fileEncoding = 4; lastKnownFileType = sourcecode.c.h; path = "UIView+Extension.h"; sourceTree = "<group>"; };
		8CA5E4621DD078E0001EDAF2 /* UIView+Extension.m */ = {isa = PBXFileReference; fileEncoding = 4; lastKnownFileType = sourcecode.c.objc; path = "UIView+Extension.m"; sourceTree = "<group>"; };
		8CA5E4641DD0791E001EDAF2 /* SystemConfig.h */ = {isa = PBXFileReference; lastKnownFileType = sourcecode.c.h; path = SystemConfig.h; sourceTree = "<group>"; };
		8CA5E4661DD079CF001EDAF2 /* BSColorConstant.h */ = {isa = PBXFileReference; lastKnownFileType = sourcecode.c.h; path = BSColorConstant.h; sourceTree = "<group>"; };
		8CA5E4671DD079F3001EDAF2 /* BSFontConstant.h */ = {isa = PBXFileReference; lastKnownFileType = sourcecode.c.h; path = BSFontConstant.h; sourceTree = "<group>"; };
		8CA5E4681DD07A08001EDAF2 /* BSInterfaceConstant.h */ = {isa = PBXFileReference; lastKnownFileType = sourcecode.c.h; path = BSInterfaceConstant.h; sourceTree = "<group>"; };
		8CA5E46A1DD07A48001EDAF2 /* BSSystemConstant.h */ = {isa = PBXFileReference; lastKnownFileType = sourcecode.c.h; path = BSSystemConstant.h; sourceTree = "<group>"; };
		8CA5E4761DD07C24001EDAF2 /* BSNavigationController.h */ = {isa = PBXFileReference; fileEncoding = 4; lastKnownFileType = sourcecode.c.h; path = BSNavigationController.h; sourceTree = "<group>"; };
		8CA5E4771DD07C24001EDAF2 /* BSNavigationController.m */ = {isa = PBXFileReference; fileEncoding = 4; lastKnownFileType = sourcecode.c.objc; path = BSNavigationController.m; sourceTree = "<group>"; };
		8CA5E4991DD07FDF001EDAF2 /* BSNewestViewController.h */ = {isa = PBXFileReference; fileEncoding = 4; lastKnownFileType = sourcecode.c.h; path = BSNewestViewController.h; sourceTree = "<group>"; };
		8CA5E49A1DD07FDF001EDAF2 /* BSNewestViewController.m */ = {isa = PBXFileReference; fileEncoding = 4; lastKnownFileType = sourcecode.c.objc; path = BSNewestViewController.m; sourceTree = "<group>"; };
		8CA5E49E1DD09233001EDAF2 /* BSTabBarController.h */ = {isa = PBXFileReference; fileEncoding = 4; lastKnownFileType = sourcecode.c.h; path = BSTabBarController.h; sourceTree = "<group>"; };
		8CA5E49F1DD09233001EDAF2 /* BSTabBarController.m */ = {isa = PBXFileReference; fileEncoding = 4; lastKnownFileType = sourcecode.c.objc; path = BSTabBarController.m; sourceTree = "<group>"; };
		8CA5E4A11DD094CA001EDAF2 /* BSTabBar.h */ = {isa = PBXFileReference; fileEncoding = 4; lastKnownFileType = sourcecode.c.h; path = BSTabBar.h; sourceTree = "<group>"; };
		8CA5E4A21DD094CA001EDAF2 /* BSTabBar.m */ = {isa = PBXFileReference; fileEncoding = 4; lastKnownFileType = sourcecode.c.objc; path = BSTabBar.m; sourceTree = "<group>"; };
		8CBFA8C61DDB0472000C74CA /* BSTextField.h */ = {isa = PBXFileReference; fileEncoding = 4; lastKnownFileType = sourcecode.c.h; path = BSTextField.h; sourceTree = "<group>"; };
		8CBFA8C71DDB0472000C74CA /* BSTextField.m */ = {isa = PBXFileReference; fileEncoding = 4; lastKnownFileType = sourcecode.c.objc; path = BSTextField.m; sourceTree = "<group>"; };
		8CBFA8C91DDB0A3D000C74CA /* BSVerticalButton.h */ = {isa = PBXFileReference; fileEncoding = 4; lastKnownFileType = sourcecode.c.h; path = BSVerticalButton.h; sourceTree = "<group>"; };
		8CBFA8CA1DDB0A3D000C74CA /* BSVerticalButton.m */ = {isa = PBXFileReference; fileEncoding = 4; lastKnownFileType = sourcecode.c.objc; path = BSVerticalButton.m; sourceTree = "<group>"; };
		8CBFA8CC1DDBE092000C74CA /* BSPushGuidView.h */ = {isa = PBXFileReference; fileEncoding = 4; lastKnownFileType = sourcecode.c.h; path = BSPushGuidView.h; sourceTree = "<group>"; };
		8CBFA8CD1DDBE092000C74CA /* BSPushGuidView.m */ = {isa = PBXFileReference; fileEncoding = 4; lastKnownFileType = sourcecode.c.objc; path = BSPushGuidView.m; sourceTree = "<group>"; };
		8CBFA8CF1DDBE0A6000C74CA /* BSPushGuidView.xib */ = {isa = PBXFileReference; fileEncoding = 4; lastKnownFileType = file.xib; path = BSPushGuidView.xib; sourceTree = "<group>"; };
		8CC48E021DDAF3FD007E881B /* BSLoginRegisterViewController.h */ = {isa = PBXFileReference; fileEncoding = 4; lastKnownFileType = sourcecode.c.h; path = BSLoginRegisterViewController.h; sourceTree = "<group>"; };
		8CC48E031DDAF3FD007E881B /* BSLoginRegisterViewController.m */ = {isa = PBXFileReference; fileEncoding = 4; lastKnownFileType = sourcecode.c.objc; path = BSLoginRegisterViewController.m; sourceTree = "<group>"; };
		8CC48E041DDAF3FD007E881B /* BSLoginRegisterViewController.xib */ = {isa = PBXFileReference; fileEncoding = 4; lastKnownFileType = file.xib; path = BSLoginRegisterViewController.xib; sourceTree = "<group>"; };
		8CD4098D1DD567AF00FB43CD /* MBProgressHUD+Extension.h */ = {isa = PBXFileReference; fileEncoding = 4; lastKnownFileType = sourcecode.c.h; path = "MBProgressHUD+Extension.h"; sourceTree = "<group>"; };
		8CD4098E1DD567AF00FB43CD /* MBProgressHUD+Extension.m */ = {isa = PBXFileReference; fileEncoding = 4; lastKnownFileType = sourcecode.c.objc; path = "MBProgressHUD+Extension.m"; sourceTree = "<group>"; };
		8CD409A31DD5CC2D00FB43CD /* BSTagNetworkTool.h */ = {isa = PBXFileReference; fileEncoding = 4; lastKnownFileType = sourcecode.c.h; path = BSTagNetworkTool.h; sourceTree = "<group>"; };
		8CD409A41DD5CC2D00FB43CD /* BSTagNetworkTool.m */ = {isa = PBXFileReference; fileEncoding = 4; lastKnownFileType = sourcecode.c.objc; path = BSTagNetworkTool.m; sourceTree = "<group>"; };
		8CEDC0B71DDAF1EB00EE6F56 /* BSMineViewController.h */ = {isa = PBXFileReference; fileEncoding = 4; lastKnownFileType = sourcecode.c.h; path = BSMineViewController.h; sourceTree = "<group>"; };
		8CEDC0B81DDAF1EB00EE6F56 /* BSMineViewController.m */ = {isa = PBXFileReference; fileEncoding = 4; lastKnownFileType = sourcecode.c.objc; path = BSMineViewController.m; sourceTree = "<group>"; };
		A28B3EFAD0A1696E7E47816E /* Pods-Budejie.release.xcconfig */ = {isa = PBXFileReference; includeInIndex = 1; lastKnownFileType = text.xcconfig; name = "Pods-Budejie.release.xcconfig"; path = "Pods/Target Support Files/Pods-Budejie/Pods-Budejie.release.xcconfig"; sourceTree = "<group>"; };
/* End PBXFileReference section */

/* Begin PBXFrameworksBuildPhase section */
		8CA5E3DF1DD07359001EDAF2 /* Frameworks */ = {
			isa = PBXFrameworksBuildPhase;
			buildActionMask = 2147483647;
			files = (
				C33B09807F6E49D1BCCC9C12 /* libPods-Budejie.a in Frameworks */,
			);
			runOnlyForDeploymentPostprocessing = 0;
		};
		8CA5E3F81DD0735A001EDAF2 /* Frameworks */ = {
			isa = PBXFrameworksBuildPhase;
			buildActionMask = 2147483647;
			files = (
			);
			runOnlyForDeploymentPostprocessing = 0;
		};
		8CA5E4031DD0735A001EDAF2 /* Frameworks */ = {
			isa = PBXFrameworksBuildPhase;
			buildActionMask = 2147483647;
			files = (
			);
			runOnlyForDeploymentPostprocessing = 0;
		};
/* End PBXFrameworksBuildPhase section */

/* Begin PBXGroup section */
		155224E25E047EB8B90225B9 /* Frameworks */ = {
			isa = PBXGroup;
			children = (
				2B7AF547169C538B5543672E /* libPods-Budejie.a */,
			);
			name = Frameworks;
			sourceTree = "<group>";
		};
		8C2225371DE4478F00ABAD21 /* Publish */ = {
			isa = PBXGroup;
			children = (
				8C8E5AA51DED8DD7007C370F /* Controllers */,
				8C8E5AA61DED8DD7007C370F /* Models */,
				8C8E5AA71DED8DD7007C370F /* Views */,
			);
			path = Publish;
			sourceTree = "<group>";
		};
		8C2225801DE593B000ABAD21 /* PictureView */ = {
			isa = PBXGroup;
			children = (
				8C2225831DE593CA00ABAD21 /* BSEssencePictureView.h */,
				8C2225811DE593B000ABAD21 /* BSEssencePictureView.m */,
			);
			path = PictureView;
			sourceTree = "<group>";
		};
		8C2225841DE593FB00ABAD21 /* VoiceView */ = {
			isa = PBXGroup;
			children = (
				8C2225851DE597FC00ABAD21 /* BSEssenceVoiceView.h */,
				8C2225861DE597FC00ABAD21 /* BSEssenceVoiceView.m */,
			);
			path = VoiceView;
			sourceTree = "<group>";
		};
		8C22258C1DE5D40800ABAD21 /* Public */ = {
			isa = PBXGroup;
			children = (
				8C22258D1DE5D40800ABAD21 /* BSToolbarButton.h */,
				8C22258E1DE5D40800ABAD21 /* BSToolbarButton.m */,
			);
			path = Public;
			sourceTree = "<group>";
		};
		8C22258F1DE5D40800ABAD21 /* VideoView */ = {
			isa = PBXGroup;
			children = (
				8C2225911DE5D43B00ABAD21 /* BSEssenceVideoView.h */,
				8C2225921DE5D43B00ABAD21 /* BSEssenceVideoView.m */,
			);
			path = VideoView;
			sourceTree = "<group>";
		};
		8C2225941DE65C4300ABAD21 /* TopComment */ = {
			isa = PBXGroup;
			children = (
				8C2225951DE65C4D00ABAD21 /* BSEssenceTopCommentView.h */,
				8C2225961DE65C4D00ABAD21 /* BSEssenceTopCommentView.m */,
			);
			path = TopComment;
			sourceTree = "<group>";
		};
		8C2225A21DE6E2AC00ABAD21 /* ComentDetailViewController */ = {
			isa = PBXGroup;
			children = (
				8C2225A31DE6E2C100ABAD21 /* BSComentDetailViewController.h */,
				8C2225A41DE6E2C100ABAD21 /* BSComentDetailViewController.m */,
			);
			path = ComentDetailViewController;
			sourceTree = "<group>";
		};
		8C31EF921DD2FEBD00CA3CEA /* Attention */ = {
			isa = PBXGroup;
			children = (
				8C31EF931DD2FEBD00CA3CEA /* BSAttentionViewController.h */,
				8C31EF941DD2FEBD00CA3CEA /* BSAttentionViewController.m */,
			);
			path = Attention;
			sourceTree = "<group>";
		};
		8C31EF951DD2FEBD00CA3CEA /* Recommend */ = {
			isa = PBXGroup;
			children = (
				8C31EF971DD2FEDE00CA3CEA /* BSRecommendViewController.h */,
				8C31EF981DD2FEDE00CA3CEA /* BSRecommendViewController.m */,
				8C31EFB01DD32FB000CA3CEA /* BSLeftTagCell.h */,
				8C31EFB11DD32FB000CA3CEA /* BSLeftTagCell.m */,
				8C31EFC01DD4160500CA3CEA /* BSUserGroupCell.h */,
				8C31EFC11DD4160500CA3CEA /* BSUserGroupCell.m */,
			);
			path = Recommend;
			sourceTree = "<group>";
		};
		8C31EF9A1DD301F900CA3CEA /* Log */ = {
			isa = PBXGroup;
			children = (
				8C31EF9B1DD301F900CA3CEA /* BSLog.h */,
			);
			path = Log;
			sourceTree = "<group>";
		};
		8C31EF9C1DD301F900CA3CEA /* NetworkTool */ = {
			isa = PBXGroup;
			children = (
				8C31EF9D1DD3026E00CA3CEA /* BSNetworkTool.h */,
				8C31EF9E1DD3026E00CA3CEA /* BSNetworkTool.m */,
			);
			path = NetworkTool;
			sourceTree = "<group>";
		};
		8C31EFA01DD309FD00CA3CEA /* Tools */ = {
			isa = PBXGroup;
			children = (
				8C31EFA11DD30E7000CA3CEA /* LeftTagNetworkTool */,
				8C31EFA21DD30E7000CA3CEA /* UserGroupNetworkTool */,
			);
			path = Tools;
			sourceTree = "<group>";
		};
		8C31EFA11DD30E7000CA3CEA /* LeftTagNetworkTool */ = {
			isa = PBXGroup;
			children = (
				8C31EFAA1DD320A300CA3CEA /* BSLeftTagNetworkTool.h */,
				8C31EFAB1DD320A300CA3CEA /* BSLeftTagNetworkTool.m */,
			);
			name = LeftTagNetworkTool;
			path = NetworkTools/LeftTagNetworkTool;
			sourceTree = "<group>";
		};
		8C31EFA21DD30E7000CA3CEA /* UserGroupNetworkTool */ = {
			isa = PBXGroup;
			children = (
				8C31EFBD1DD413B100CA3CEA /* BSUserGroupNetworkTool.h */,
				8C31EFBE1DD413B100CA3CEA /* BSUserGroupNetworkTool.m */,
			);
			name = UserGroupNetworkTool;
			path = NetworkTools/UserGroupNetworkTool;
			sourceTree = "<group>";
		};
		8C31EFA31DD3193B00CA3CEA /* LeftTagModel */ = {
			isa = PBXGroup;
			children = (
				8C31EFA41DD3197C00CA3CEA /* BSLeftTagModel.h */,
				8C31EFA51DD3197C00CA3CEA /* BSLeftTagModel.m */,
				8C31EFA71DD31AEB00CA3CEA /* BSLeftTagResultModel.h */,
				8C31EFA81DD31AEB00CA3CEA /* BSLeftTagResultModel.m */,
				8C31EFAD1DD320F400CA3CEA /* BSLeftTagParameter.h */,
				8C31EFAE1DD320F400CA3CEA /* BSLeftTagParameter.m */,
			);
			path = LeftTagModel;
			sourceTree = "<group>";
		};
		8C31EFB31DD410DC00CA3CEA /* UserGroupModel */ = {
			isa = PBXGroup;
			children = (
				8C31EFB41DD410FB00CA3CEA /* BSUserGroupModel.h */,
				8C31EFB51DD410FB00CA3CEA /* BSUserGroupModel.m */,
				8C31EFB71DD4111800CA3CEA /* BSUserGroupResultModel.h */,
				8C31EFB81DD4111900CA3CEA /* BSUserGroupResultModel.m */,
				8C31EFBA1DD4113500CA3CEA /* BSUserGroupParameter.h */,
				8C31EFBB1DD4113500CA3CEA /* BSUserGroupParameter.m */,
			);
			path = UserGroupModel;
			sourceTree = "<group>";
		};
		8C85E0FE1DDDAF14007E53B4 /* Services */ = {
			isa = PBXGroup;
			children = (
				8C85E1341DE155FF007E53B4 /* EssenceNetworkTool */,
			);
			path = Services;
			sourceTree = "<group>";
		};
		8C85E1041DDDB079007E53B4 /* TagModel */ = {
			isa = PBXGroup;
			children = (
				8C85E1051DDDB079007E53B4 /* BSTagModel.h */,
				8C85E1061DDDB079007E53B4 /* BSTagModel.m */,
				8C85E1071DDDB079007E53B4 /* BSTagParameter.h */,
				8C85E1081DDDB079007E53B4 /* BSTagParameter.m */,
			);
			path = TagModel;
			sourceTree = "<group>";
		};
		8C85E1271DE15345007E53B4 /* EssenceModel */ = {
			isa = PBXGroup;
			children = (
				8C85E12B1DE1537A007E53B4 /* BSEssenceParameter.h */,
				8C85E12C1DE1537A007E53B4 /* BSEssenceParameter.m */,
				8C85E12E1DE153CF007E53B4 /* BSEssenceResult.h */,
				8C85E12F1DE153CF007E53B4 /* BSEssenceResult.m */,
				8C85E1311DE15407007E53B4 /* BSEssenceListModel.h */,
				8C85E1321DE15407007E53B4 /* BSEssenceListModel.m */,
				8C85E1141DDDB2CF007E53B4 /* BSInfoModel.h */,
				8C85E1151DDDB2CF007E53B4 /* BSInfoModel.m */,
				8C85E1171DDDB31C007E53B4 /* BSThemsModel.h */,
				8C85E1181DDDB31C007E53B4 /* BSThemsModel.m */,
				8C2225981DE65EF000ABAD21 /* BSCommentModel.h */,
				8C2225991DE65EF000ABAD21 /* BSCommentModel.m */,
				8C22259B1DE65F1800ABAD21 /* BSUserModel.h */,
				8C22259C1DE65F1800ABAD21 /* BSUserModel.m */,
				8CA453221DE7D5A300EA93DB /* BSCmtDetailParameter.h */,
				8CA453231DE7D5A300EA93DB /* BSCmtDetailParameter.m */,
				8CA453251DE7E0BF00EA93DB /* BSCmtDetailResult.h */,
				8CA453261DE7E0BF00EA93DB /* BSCmtDetailResult.m */,
			);
			path = EssenceModel;
			sourceTree = "<group>";
		};
		8C85E1341DE155FF007E53B4 /* EssenceNetworkTool */ = {
			isa = PBXGroup;
			children = (
				8C85E1351DE15618007E53B4 /* BSEssenceNetworkTool.h */,
				8C85E1361DE15618007E53B4 /* BSEssenceNetworkTool.m */,
			);
			path = EssenceNetworkTool;
			sourceTree = "<group>";
		};
		8C85E1391DE15822007E53B4 /* Essence */ = {
			isa = PBXGroup;
			children = (
				8C85E13C1DE15822007E53B4 /* BSEssenceViewController.h */,
				8C85E13D1DE15822007E53B4 /* BSEssenceViewController.m */,
				8C85E16C1DE15EE7007E53B4 /* BSEssenceBaseViewController.h */,
				8C85E16D1DE15EE7007E53B4 /* BSEssenceBaseViewController.m */,
			);
			path = Essence;
			sourceTree = "<group>";
		};
		8C85E14E1DE15822007E53B4 /* Tag */ = {
			isa = PBXGroup;
			children = (
				8C85E14F1DE15822007E53B4 /* BSTagCell.h */,
				8C85E1501DE15822007E53B4 /* BSTagCell.m */,
				8C85E1511DE15822007E53B4 /* BSTagViewController.h */,
				8C85E1521DE15822007E53B4 /* BSTagViewController.m */,
			);
			path = Tag;
			sourceTree = "<group>";
		};
		8C85E1761DE3E70D007E53B4 /* ProgressView */ = {
			isa = PBXGroup;
			children = (
				8C85E1771DE3E71E007E53B4 /* BSProgressView.h */,
				8C85E1781DE3E71E007E53B4 /* BSProgressView.m */,
			);
			path = ProgressView;
			sourceTree = "<group>";
		};
		8C85E17A1DE3ED11007E53B4 /* ShowBigPicViewController */ = {
			isa = PBXGroup;
			children = (
				8C85E17B1DE3ED27007E53B4 /* BSShowBigPicViewController.h */,
				8C85E17C1DE3ED27007E53B4 /* BSShowBigPicViewController.m */,
			);
			path = ShowBigPicViewController;
			sourceTree = "<group>";
		};
		8C8E5A881DED2A49007C370F /* MineCell */ = {
			isa = PBXGroup;
			children = (
				8C8E5A891DED2A7C007C370F /* BSMineCell.h */,
				8C8E5A8A1DED2A7C007C370F /* BSMineCell.m */,
			);
			path = MineCell;
			sourceTree = "<group>";
		};
		8C8E5A8C1DED3196007C370F /* FooterView */ = {
			isa = PBXGroup;
			children = (
				8C8E5A8D1DED31A8007C370F /* BSMineFooterView.h */,
				8C8E5A8E1DED31A8007C370F /* BSMineFooterView.m */,
			);
			path = FooterView;
			sourceTree = "<group>";
		};
		8C8E5A991DED408C007C370F /* Server */ = {
			isa = PBXGroup;
			children = (
				8C8E5A9A1DED40B5007C370F /* MineItemNetworkTool */,
			);
			path = Server;
			sourceTree = "<group>";
		};
		8C8E5A9A1DED40B5007C370F /* MineItemNetworkTool */ = {
			isa = PBXGroup;
			children = (
				8C8E5A9B1DED40C0007C370F /* BSMineItemNetworkTool.h */,
				8C8E5A9C1DED40C0007C370F /* BSMineItemNetworkTool.m */,
			);
			path = MineItemNetworkTool;
			sourceTree = "<group>";
		};
		8C8E5A9E1DED59F5007C370F /* SquareButton */ = {
			isa = PBXGroup;
			children = (
				8C8E5A9F1DED5A03007C370F /* BSSquareButton.h */,
				8C8E5AA01DED5A03007C370F /* BSSquareButton.m */,
			);
			path = SquareButton;
			sourceTree = "<group>";
		};
		8C8E5AA51DED8DD7007C370F /* Controllers */ = {
			isa = PBXGroup;
			children = (
				8C8E5AAB1DED8DF7007C370F /* BSPublishWordsViewController.h */,
				8C8E5AAC1DED8DF7007C370F /* BSPublishWordsViewController.m */,
				8C8E5ABA1DEEA841007C370F /* BSAddTagViewController.h */,
				8C8E5ABB1DEEA841007C370F /* BSAddTagViewController.m */,
			);
			path = Controllers;
			sourceTree = "<group>";
		};
		8C8E5AA61DED8DD7007C370F /* Models */ = {
			isa = PBXGroup;
			children = (
			);
			path = Models;
			sourceTree = "<group>";
		};
		8C8E5AA71DED8DD7007C370F /* Views */ = {
			isa = PBXGroup;
			children = (
				8C8E5B081DEF7E80007C370F /* TitlteLeftButton */,
				8C8E5AB61DEE7263007C370F /* InputToolbar */,
				8C8E5AAE1DEE268A007C370F /* PlaceHolderTextView */,
				8C8E5AAF1DEE268A007C370F /* PublishView */,
			);
			path = Views;
			sourceTree = "<group>";
		};
		8C8E5AAE1DEE268A007C370F /* PlaceHolderTextView */ = {
			isa = PBXGroup;
			children = (
				8C8E5AB31DEE26B2007C370F /* BSPlaceHolderTextView.h */,
				8C8E5AB41DEE26B2007C370F /* BSPlaceHolderTextView.m */,
			);
			path = PlaceHolderTextView;
			sourceTree = "<group>";
		};
		8C8E5AAF1DEE268A007C370F /* PublishView */ = {
			isa = PBXGroup;
			children = (
				8C8E5AB01DEE268A007C370F /* BSPublishView.h */,
				8C8E5AB11DEE268A007C370F /* BSPublishView.m */,
			);
			path = PublishView;
			sourceTree = "<group>";
		};
		8C8E5AB61DEE7263007C370F /* InputToolbar */ = {
			isa = PBXGroup;
			children = (
				8C8E5AB71DEE72FC007C370F /* BSInputToolbar.h */,
				8C8E5AB81DEE72FC007C370F /* BSInputToolbar.m */,
			);
			path = InputToolbar;
			sourceTree = "<group>";
		};
		8C8E5B081DEF7E80007C370F /* TitlteLeftButton */ = {
			isa = PBXGroup;
			children = (
				8C8E5B091DEF7E96007C370F /* BSTitlteLeftButton.h */,
				8C8E5B0A1DEF7E96007C370F /* BSTitlteLeftButton.m */,
			);
			path = TitlteLeftButton;
			sourceTree = "<group>";
		};
		8C8E5B4E1DEFC664007C370F /* TextField */ = {
			isa = PBXGroup;
			children = (
				8C8E5B521DEFC88C007C370F /* BSTagTextField.h */,
				8C8E5B531DEFC88C007C370F /* BSTagTextField.m */,
			);
			path = TextField;
			sourceTree = "<group>";
		};
		8CA4532E1DE7E3B100EA93DB /* CmtNetworkTool */ = {
			isa = PBXGroup;
			children = (
				8CA4532F1DE7E3BA00EA93DB /* BSCmtNetworkTool.h */,
				8CA453301DE7E3BA00EA93DB /* BSCmtNetworkTool.m */,
			);
			path = CmtNetworkTool;
			sourceTree = "<group>";
		};
		8CA453321DE80C5500EA93DB /* CmtSectionHeader */ = {
			isa = PBXGroup;
			children = (
				8CA453331DE80C6100EA93DB /* BSCmtSectionHeader.h */,
				8CA453341DE80C6100EA93DB /* BSCmtSectionHeader.m */,
			);
			path = CmtSectionHeader;
			sourceTree = "<group>";
		};
		8CA453361DE8125600EA93DB /* CommentCell */ = {
			isa = PBXGroup;
			children = (
				8CA453371DE8126C00EA93DB /* BSCommentCell.h */,
				8CA453381DE8126C00EA93DB /* BSCommentCell.m */,
			);
			path = CommentCell;
			sourceTree = "<group>";
		};
		8CA5E3D91DD07359001EDAF2 = {
			isa = PBXGroup;
			children = (
				8CA5E3E41DD07359001EDAF2 /* Budejie */,
				8CA5E3FE1DD0735A001EDAF2 /* BudejieTests */,
				8CA5E4091DD0735A001EDAF2 /* BudejieUITests */,
				8CA5E3E31DD07359001EDAF2 /* Products */,
				AE0A346D401BB865D4F1EA42 /* Pods */,
				155224E25E047EB8B90225B9 /* Frameworks */,
			);
			sourceTree = "<group>";
		};
		8CA5E3E31DD07359001EDAF2 /* Products */ = {
			isa = PBXGroup;
			children = (
				8CA5E3E21DD07359001EDAF2 /* Budejie.app */,
				8CA5E3FB1DD0735A001EDAF2 /* BudejieTests.xctest */,
				8CA5E4061DD0735A001EDAF2 /* BudejieUITests.xctest */,
			);
			name = Products;
			sourceTree = "<group>";
		};
		8CA5E3E41DD07359001EDAF2 /* Budejie */ = {
			isa = PBXGroup;
			children = (
				8CA5E47C1DD07F21001EDAF2 /* Modules */,
				8CA5E4431DD07831001EDAF2 /* Public */,
				8CA5E4181DD0754D001EDAF2 /* AppDelegate */,
				8CA5E41B1DD0754D001EDAF2 /* Main */,
				8CA5E4231DD0754D001EDAF2 /* Others */,
				8CA5E3E51DD07359001EDAF2 /* Supporting Files */,
			);
			path = Budejie;
			sourceTree = "<group>";
		};
		8CA5E3E51DD07359001EDAF2 /* Supporting Files */ = {
			isa = PBXGroup;
			children = (
				8CA5E3F11DD07359001EDAF2 /* Assets.xcassets */,
				8CA5E3F61DD07359001EDAF2 /* Info.plist */,
				8CA5E3E61DD07359001EDAF2 /* main.m */,
				8CA5E4251DD0756F001EDAF2 /* PrefixHeader.pch */,
			);
			name = "Supporting Files";
			sourceTree = "<group>";
		};
		8CA5E3FE1DD0735A001EDAF2 /* BudejieTests */ = {
			isa = PBXGroup;
			children = (
				8CA5E3FF1DD0735A001EDAF2 /* BudejieTests.m */,
				8CA5E4011DD0735A001EDAF2 /* Info.plist */,
			);
			path = BudejieTests;
			sourceTree = "<group>";
		};
		8CA5E4091DD0735A001EDAF2 /* BudejieUITests */ = {
			isa = PBXGroup;
			children = (
				8CA5E40A1DD0735A001EDAF2 /* BudejieUITests.m */,
				8CA5E40C1DD0735A001EDAF2 /* Info.plist */,
			);
			path = BudejieUITests;
			sourceTree = "<group>";
		};
		8CA5E4181DD0754D001EDAF2 /* AppDelegate */ = {
			isa = PBXGroup;
			children = (
				8CA5E4191DD0754D001EDAF2 /* AppDelegate.h */,
				8CA5E41A1DD0754D001EDAF2 /* AppDelegate.m */,
			);
			path = AppDelegate;
			sourceTree = "<group>";
		};
		8CA5E41B1DD0754D001EDAF2 /* Main */ = {
			isa = PBXGroup;
			children = (
				8CA5E49C1DD09082001EDAF2 /* Views */,
				8CA5E41C1DD0754D001EDAF2 /* BaseViewController */,
				8CA5E41D1DD0754D001EDAF2 /* MainFrame */,
			);
			path = Main;
			sourceTree = "<group>";
		};
		8CA5E41C1DD0754D001EDAF2 /* BaseViewController */ = {
			isa = PBXGroup;
			children = (
				8CA5E4291DD077B0001EDAF2 /* BSBaseViewController.bundle */,
				8CA5E4261DD077A6001EDAF2 /* BSBaseViewController.h */,
				8CA5E4271DD077A6001EDAF2 /* BSBaseViewController.m */,
			);
			path = BaseViewController;
			sourceTree = "<group>";
		};
		8CA5E41D1DD0754D001EDAF2 /* MainFrame */ = {
			isa = PBXGroup;
			children = (
				8CA5E49D1DD0921C001EDAF2 /* TabBarController */,
				8CA5E46B1DD07B9A001EDAF2 /* NavigationController */,
			);
			path = MainFrame;
			sourceTree = "<group>";
		};
		8CA5E4231DD0754D001EDAF2 /* Others */ = {
			isa = PBXGroup;
			children = (
			);
			path = Others;
			sourceTree = "<group>";
		};
		8CA5E4431DD07831001EDAF2 /* Public */ = {
			isa = PBXGroup;
			children = (
				8CA5E4441DD07831001EDAF2 /* Category */,
				8CA5E44B1DD07831001EDAF2 /* Config */,
				8CA5E44D1DD07831001EDAF2 /* Controllers */,
				8CA5E44E1DD07831001EDAF2 /* Macros */,
				8CA5E4531DD07831001EDAF2 /* Models */,
				8CA5E4541DD07831001EDAF2 /* Othsers */,
				8CA5E4551DD07831001EDAF2 /* Tools */,
				8CA5E4571DD07831001EDAF2 /* Views */,
			);
			path = Public;
			sourceTree = "<group>";
		};
		8CA5E4441DD07831001EDAF2 /* Category */ = {
			isa = PBXGroup;
			children = (
				8CA5E45B1DD07865001EDAF2 /* UIColor+Extension.h */,
				8CA5E45C1DD07865001EDAF2 /* UIColor+Extension.m */,
				8CA5E45E1DD078A9001EDAF2 /* UIImage+Extension.h */,
				8CA5E45F1DD078A9001EDAF2 /* UIImage+Extension.m */,
				8CA5E4611DD078E0001EDAF2 /* UIView+Extension.h */,
				8CA5E4621DD078E0001EDAF2 /* UIView+Extension.m */,
				8C4D7EC81DD1B4300076D629 /* NSObject+Extension.h */,
				8C4D7EC91DD1B4300076D629 /* NSObject+Extension.m */,
				8C5CB2AD1DD1C9EE008AB412 /* UIButton+Extension.h */,
				8C5CB2AE1DD1C9EE008AB412 /* UIButton+Extension.m */,
				8C31EFC31DD41BC800CA3CEA /* UIImageView+Extension.h */,
				8C31EFC41DD41BC800CA3CEA /* UIImageView+Extension.m */,
				8CD4098D1DD567AF00FB43CD /* MBProgressHUD+Extension.h */,
				8CD4098E1DD567AF00FB43CD /* MBProgressHUD+Extension.m */,
				8C85E1241DE04E4A007E53B4 /* NSDate+Extension.h */,
				8C85E1251DE04E4A007E53B4 /* NSDate+Extension.m */,
				8C2225881DE59FD500ABAD21 /* NSString+Extension.h */,
				8C2225891DE59FD500ABAD21 /* NSString+Extension.m */,
				8C22259F1DE6C78600ABAD21 /* NSMutableAttributedString+Extension.h */,
				8C2225A01DE6C78600ABAD21 /* NSMutableAttributedString+Extension.m */,
			);
			path = Category;
			sourceTree = "<group>";
		};
		8CA5E44B1DD07831001EDAF2 /* Config */ = {
			isa = PBXGroup;
			children = (
				8CA5E4641DD0791E001EDAF2 /* SystemConfig.h */,
			);
			path = Config;
			sourceTree = "<group>";
		};
		8CA5E44D1DD07831001EDAF2 /* Controllers */ = {
			isa = PBXGroup;
			children = (
			);
			path = Controllers;
			sourceTree = "<group>";
		};
		8CA5E44E1DD07831001EDAF2 /* Macros */ = {
			isa = PBXGroup;
			children = (
				8CA5E4661DD079CF001EDAF2 /* BSColorConstant.h */,
				8CA5E4671DD079F3001EDAF2 /* BSFontConstant.h */,
				8CA5E4681DD07A08001EDAF2 /* BSInterfaceConstant.h */,
				8CA5E46A1DD07A48001EDAF2 /* BSSystemConstant.h */,
				8C85E16F1DE29D48007E53B4 /* BSEnum.h */,
				8C22259E1DE6919A00ABAD21 /* BSEssenceUIConstant.h */,
			);
			path = Macros;
			sourceTree = "<group>";
		};
		8CA5E4531DD07831001EDAF2 /* Models */ = {
			isa = PBXGroup;
			children = (
			);
			path = Models;
			sourceTree = "<group>";
		};
		8CA5E4541DD07831001EDAF2 /* Othsers */ = {
			isa = PBXGroup;
			children = (
			);
			path = Othsers;
			sourceTree = "<group>";
		};
		8CA5E4551DD07831001EDAF2 /* Tools */ = {
			isa = PBXGroup;
			children = (
				8C85E1761DE3E70D007E53B4 /* ProgressView */,
				8C31EF9A1DD301F900CA3CEA /* Log */,
				8C31EF9C1DD301F900CA3CEA /* NetworkTool */,
			);
			path = Tools;
			sourceTree = "<group>";
		};
		8CA5E4571DD07831001EDAF2 /* Views */ = {
			isa = PBXGroup;
			children = (
				8CBFA8CC1DDBE092000C74CA /* BSPushGuidView.h */,
				8CBFA8CD1DDBE092000C74CA /* BSPushGuidView.m */,
				8CBFA8CF1DDBE0A6000C74CA /* BSPushGuidView.xib */,
				8C85E1211DDEFAFD007E53B4 /* BSBaseCell.h */,
				8C85E1221DDEFAFD007E53B4 /* BSBaseCell.m */,
			);
			path = Views;
			sourceTree = "<group>";
		};
		8CA5E46B1DD07B9A001EDAF2 /* NavigationController */ = {
			isa = PBXGroup;
			children = (
				8CA5E4761DD07C24001EDAF2 /* BSNavigationController.h */,
				8CA5E4771DD07C24001EDAF2 /* BSNavigationController.m */,
			);
			path = NavigationController;
			sourceTree = "<group>";
		};
		8CA5E47C1DD07F21001EDAF2 /* Modules */ = {
			isa = PBXGroup;
			children = (
				8C2225371DE4478F00ABAD21 /* Publish */,
				8CA5E47D1DD07F21001EDAF2 /* Attention */,
				8CA5E4811DD07F21001EDAF2 /* Essence */,
				8CA5E4851DD07F21001EDAF2 /* Mine */,
				8CA5E4891DD07F21001EDAF2 /* Newest */,
			);
			path = Modules;
			sourceTree = "<group>";
		};
		8CA5E47D1DD07F21001EDAF2 /* Attention */ = {
			isa = PBXGroup;
			children = (
				8C31EFA01DD309FD00CA3CEA /* Tools */,
				8CA5E47E1DD07F21001EDAF2 /* Models */,
				8CA5E47F1DD07F21001EDAF2 /* ViewModels */,
				8CA5E4801DD07F21001EDAF2 /* Views */,
			);
			path = Attention;
			sourceTree = "<group>";
		};
		8CA5E47E1DD07F21001EDAF2 /* Models */ = {
			isa = PBXGroup;
			children = (
				8C31EFB31DD410DC00CA3CEA /* UserGroupModel */,
				8C31EFA31DD3193B00CA3CEA /* LeftTagModel */,
			);
			path = Models;
			sourceTree = "<group>";
		};
		8CA5E47F1DD07F21001EDAF2 /* ViewModels */ = {
			isa = PBXGroup;
			children = (
			);
			path = ViewModels;
			sourceTree = "<group>";
		};
		8CA5E4801DD07F21001EDAF2 /* Views */ = {
			isa = PBXGroup;
			children = (
				8C31EF921DD2FEBD00CA3CEA /* Attention */,
				8C31EF951DD2FEBD00CA3CEA /* Recommend */,
			);
			path = Views;
			sourceTree = "<group>";
		};
		8CA5E4811DD07F21001EDAF2 /* Essence */ = {
			isa = PBXGroup;
			children = (
				8C85E0FE1DDDAF14007E53B4 /* Services */,
				8CD409A11DD5CC1E00FB43CD /* Tools */,
				8CA5E4821DD07F21001EDAF2 /* Models */,
				8CA5E4831DD07F21001EDAF2 /* ViewModels */,
				8CA5E4841DD07F21001EDAF2 /* Views */,
			);
			path = Essence;
			sourceTree = "<group>";
		};
		8CA5E4821DD07F21001EDAF2 /* Models */ = {
			isa = PBXGroup;
			children = (
				8C85E1271DE15345007E53B4 /* EssenceModel */,
				8C85E1041DDDB079007E53B4 /* TagModel */,
			);
			path = Models;
			sourceTree = "<group>";
		};
		8CA5E4831DD07F21001EDAF2 /* ViewModels */ = {
			isa = PBXGroup;
			children = (
			);
			path = ViewModels;
			sourceTree = "<group>";
		};
		8CA5E4841DD07F21001EDAF2 /* Views */ = {
			isa = PBXGroup;
			children = (
				8C8E5B4E1DEFC664007C370F /* TextField */,
				8CA453361DE8125600EA93DB /* CommentCell */,
				8CA453321DE80C5500EA93DB /* CmtSectionHeader */,
				8C2225A21DE6E2AC00ABAD21 /* ComentDetailViewController */,
				8C2225941DE65C4300ABAD21 /* TopComment */,
				8C22258C1DE5D40800ABAD21 /* Public */,
				8C22258F1DE5D40800ABAD21 /* VideoView */,
				8C2225841DE593FB00ABAD21 /* VoiceView */,
				8C2225801DE593B000ABAD21 /* PictureView */,
				8C85E17A1DE3ED11007E53B4 /* ShowBigPicViewController */,
				8C85E1391DE15822007E53B4 /* Essence */,
				8C85E14E1DE15822007E53B4 /* Tag */,
			);
			path = Views;
			sourceTree = "<group>";
		};
		8CA5E4851DD07F21001EDAF2 /* Mine */ = {
			isa = PBXGroup;
			children = (
				8C8E5A991DED408C007C370F /* Server */,
				8CA5E4861DD07F21001EDAF2 /* Models */,
				8CA5E4871DD07F21001EDAF2 /* ViewModels */,
				8CA5E4881DD07F21001EDAF2 /* Views */,
			);
			path = Mine;
			sourceTree = "<group>";
		};
		8CA5E4861DD07F21001EDAF2 /* Models */ = {
			isa = PBXGroup;
			children = (
				8C8E5A901DED3406007C370F /* BSMineParemeters.h */,
				8C8E5A911DED3406007C370F /* BSMineParemeters.m */,
				8C8E5A931DED346B007C370F /* BSMineItemResult.h */,
				8C8E5A941DED346B007C370F /* BSMineItemResult.m */,
				8C8E5A961DED3FDD007C370F /* BSMineItemModel.h */,
				8C8E5A971DED3FDD007C370F /* BSMineItemModel.m */,
			);
			path = Models;
			sourceTree = "<group>";
		};
		8CA5E4871DD07F21001EDAF2 /* ViewModels */ = {
			isa = PBXGroup;
			children = (
			);
			path = ViewModels;
			sourceTree = "<group>";
		};
		8CA5E4881DD07F21001EDAF2 /* Views */ = {
			isa = PBXGroup;
			children = (
				8C8E5A9E1DED59F5007C370F /* SquareButton */,
				8C8E5A8C1DED3196007C370F /* FooterView */,
				8C8E5A881DED2A49007C370F /* MineCell */,
				8CEDC0B31DDAF1EB00EE6F56 /* Controllers */,
				8CEDC0B91DDAF1EB00EE6F56 /* Others */,
			);
			path = Views;
			sourceTree = "<group>";
		};
		8CA5E4891DD07F21001EDAF2 /* Newest */ = {
			isa = PBXGroup;
			children = (
				8CA5E48A1DD07F21001EDAF2 /* Models */,
				8CA5E48B1DD07F21001EDAF2 /* ViewModels */,
				8CA5E48C1DD07F21001EDAF2 /* Views */,
			);
			path = Newest;
			sourceTree = "<group>";
		};
		8CA5E48A1DD07F21001EDAF2 /* Models */ = {
			isa = PBXGroup;
			children = (
			);
			path = Models;
			sourceTree = "<group>";
		};
		8CA5E48B1DD07F21001EDAF2 /* ViewModels */ = {
			isa = PBXGroup;
			children = (
			);
			path = ViewModels;
			sourceTree = "<group>";
		};
		8CA5E48C1DD07F21001EDAF2 /* Views */ = {
			isa = PBXGroup;
			children = (
				8CA5E4991DD07FDF001EDAF2 /* BSNewestViewController.h */,
				8CA5E49A1DD07FDF001EDAF2 /* BSNewestViewController.m */,
			);
			path = Views;
			sourceTree = "<group>";
		};
		8CA5E49C1DD09082001EDAF2 /* Views */ = {
			isa = PBXGroup;
			children = (
				8CA5E4A11DD094CA001EDAF2 /* BSTabBar.h */,
				8CA5E4A21DD094CA001EDAF2 /* BSTabBar.m */,
			);
			path = Views;
			sourceTree = "<group>";
		};
		8CA5E49D1DD0921C001EDAF2 /* TabBarController */ = {
			isa = PBXGroup;
			children = (
				8CA5E49E1DD09233001EDAF2 /* BSTabBarController.h */,
				8CA5E49F1DD09233001EDAF2 /* BSTabBarController.m */,
			);
			path = TabBarController;
			sourceTree = "<group>";
		};
		8CD409A11DD5CC1E00FB43CD /* Tools */ = {
			isa = PBXGroup;
			children = (
				8CA4532E1DE7E3B100EA93DB /* CmtNetworkTool */,
				8CD409A21DD5CC1E00FB43CD /* TagNetworkTool */,
			);
			path = Tools;
			sourceTree = "<group>";
		};
		8CD409A21DD5CC1E00FB43CD /* TagNetworkTool */ = {
			isa = PBXGroup;
			children = (
				8CD409A31DD5CC2D00FB43CD /* BSTagNetworkTool.h */,
				8CD409A41DD5CC2D00FB43CD /* BSTagNetworkTool.m */,
			);
			path = TagNetworkTool;
			sourceTree = "<group>";
		};
		8CEDC0B31DDAF1EB00EE6F56 /* Controllers */ = {
			isa = PBXGroup;
			children = (
				8CEDC0B71DDAF1EB00EE6F56 /* BSMineViewController.h */,
				8CEDC0B81DDAF1EB00EE6F56 /* BSMineViewController.m */,
				8CC48E021DDAF3FD007E881B /* BSLoginRegisterViewController.h */,
				8CC48E031DDAF3FD007E881B /* BSLoginRegisterViewController.m */,
				8CC48E041DDAF3FD007E881B /* BSLoginRegisterViewController.xib */,
				8C8E5AA21DED6724007C370F /* BSWebViewController.h */,
				8C8E5AA31DED6724007C370F /* BSWebViewController.m */,
			);
			path = Controllers;
			sourceTree = "<group>";
		};
		8CEDC0B91DDAF1EB00EE6F56 /* Others */ = {
			isa = PBXGroup;
			children = (
				8CBFA8C61DDB0472000C74CA /* BSTextField.h */,
				8CBFA8C71DDB0472000C74CA /* BSTextField.m */,
				8CBFA8C91DDB0A3D000C74CA /* BSVerticalButton.h */,
				8CBFA8CA1DDB0A3D000C74CA /* BSVerticalButton.m */,
			);
			path = Others;
			sourceTree = "<group>";
		};
		AE0A346D401BB865D4F1EA42 /* Pods */ = {
			isa = PBXGroup;
			children = (
				076394FE801596C521CA8176 /* Pods-Budejie.debug.xcconfig */,
				A28B3EFAD0A1696E7E47816E /* Pods-Budejie.release.xcconfig */,
			);
			name = Pods;
			sourceTree = "<group>";
		};
/* End PBXGroup section */

/* Begin PBXNativeTarget section */
		8CA5E3E11DD07359001EDAF2 /* Budejie */ = {
			isa = PBXNativeTarget;
			buildConfigurationList = 8CA5E40F1DD0735A001EDAF2 /* Build configuration list for PBXNativeTarget "Budejie" */;
			buildPhases = (
				C58CBC3FEE62C43FBA9E4CDC /* [CP] Check Pods Manifest.lock */,
				8CA5E3DE1DD07359001EDAF2 /* Sources */,
				8CA5E3DF1DD07359001EDAF2 /* Frameworks */,
				8CA5E3E01DD07359001EDAF2 /* Resources */,
				0FDCD64DC1129A332EE6F371 /* [CP] Embed Pods Frameworks */,
				699DB6F712587437BCB9CDE9 /* [CP] Copy Pods Resources */,
			);
			buildRules = (
			);
			dependencies = (
			);
			name = Budejie;
			productName = Budejie;
			productReference = 8CA5E3E21DD07359001EDAF2 /* Budejie.app */;
			productType = "com.apple.product-type.application";
		};
		8CA5E3FA1DD0735A001EDAF2 /* BudejieTests */ = {
			isa = PBXNativeTarget;
			buildConfigurationList = 8CA5E4121DD0735A001EDAF2 /* Build configuration list for PBXNativeTarget "BudejieTests" */;
			buildPhases = (
				8CA5E3F71DD0735A001EDAF2 /* Sources */,
				8CA5E3F81DD0735A001EDAF2 /* Frameworks */,
				8CA5E3F91DD0735A001EDAF2 /* Resources */,
			);
			buildRules = (
			);
			dependencies = (
				8CA5E3FD1DD0735A001EDAF2 /* PBXTargetDependency */,
			);
			name = BudejieTests;
			productName = BudejieTests;
			productReference = 8CA5E3FB1DD0735A001EDAF2 /* BudejieTests.xctest */;
			productType = "com.apple.product-type.bundle.unit-test";
		};
		8CA5E4051DD0735A001EDAF2 /* BudejieUITests */ = {
			isa = PBXNativeTarget;
			buildConfigurationList = 8CA5E4151DD0735A001EDAF2 /* Build configuration list for PBXNativeTarget "BudejieUITests" */;
			buildPhases = (
				8CA5E4021DD0735A001EDAF2 /* Sources */,
				8CA5E4031DD0735A001EDAF2 /* Frameworks */,
				8CA5E4041DD0735A001EDAF2 /* Resources */,
			);
			buildRules = (
			);
			dependencies = (
				8CA5E4081DD0735A001EDAF2 /* PBXTargetDependency */,
			);
			name = BudejieUITests;
			productName = BudejieUITests;
			productReference = 8CA5E4061DD0735A001EDAF2 /* BudejieUITests.xctest */;
			productType = "com.apple.product-type.bundle.ui-testing";
		};
/* End PBXNativeTarget section */

/* Begin PBXProject section */
		8CA5E3DA1DD07359001EDAF2 /* Project object */ = {
			isa = PBXProject;
			attributes = {
				CLASSPREFIX = BS;
				LastUpgradeCheck = 0720;
				ORGANIZATIONNAME = Jentle;
				TargetAttributes = {
					8CA5E3E11DD07359001EDAF2 = {
						CreatedOnToolsVersion = 7.2;
						DevelopmentTeam = ZRH7G9EDH6;
					};
					8CA5E3FA1DD0735A001EDAF2 = {
						CreatedOnToolsVersion = 7.2;
						DevelopmentTeam = ZRH7G9EDH6;
						TestTargetID = 8CA5E3E11DD07359001EDAF2;
					};
					8CA5E4051DD0735A001EDAF2 = {
						CreatedOnToolsVersion = 7.2;
						DevelopmentTeam = ZRH7G9EDH6;
						TestTargetID = 8CA5E3E11DD07359001EDAF2;
					};
				};
			};
			buildConfigurationList = 8CA5E3DD1DD07359001EDAF2 /* Build configuration list for PBXProject "Budejie" */;
			compatibilityVersion = "Xcode 3.2";
			developmentRegion = English;
			hasScannedForEncodings = 0;
			knownRegions = (
				en,
				Base,
			);
			mainGroup = 8CA5E3D91DD07359001EDAF2;
			productRefGroup = 8CA5E3E31DD07359001EDAF2 /* Products */;
			projectDirPath = "";
			projectRoot = "";
			targets = (
				8CA5E3E11DD07359001EDAF2 /* Budejie */,
				8CA5E3FA1DD0735A001EDAF2 /* BudejieTests */,
				8CA5E4051DD0735A001EDAF2 /* BudejieUITests */,
			);
		};
/* End PBXProject section */

/* Begin PBXResourcesBuildPhase section */
		8CA5E3E01DD07359001EDAF2 /* Resources */ = {
			isa = PBXResourcesBuildPhase;
			buildActionMask = 2147483647;
			files = (
				8CBFA8D01DDBE0A6000C74CA /* BSPushGuidView.xib in Resources */,
				8CA5E3F21DD07359001EDAF2 /* Assets.xcassets in Resources */,
				8CA5E42A1DD077B0001EDAF2 /* BSBaseViewController.bundle in Resources */,
				8CC48E061DDAF3FD007E881B /* BSLoginRegisterViewController.xib in Resources */,
			);
			runOnlyForDeploymentPostprocessing = 0;
		};
		8CA5E3F91DD0735A001EDAF2 /* Resources */ = {
			isa = PBXResourcesBuildPhase;
			buildActionMask = 2147483647;
			files = (
			);
			runOnlyForDeploymentPostprocessing = 0;
		};
		8CA5E4041DD0735A001EDAF2 /* Resources */ = {
			isa = PBXResourcesBuildPhase;
			buildActionMask = 2147483647;
			files = (
			);
			runOnlyForDeploymentPostprocessing = 0;
		};
/* End PBXResourcesBuildPhase section */

/* Begin PBXShellScriptBuildPhase section */
		0FDCD64DC1129A332EE6F371 /* [CP] Embed Pods Frameworks */ = {
			isa = PBXShellScriptBuildPhase;
			buildActionMask = 2147483647;
			files = (
			);
			inputPaths = (
			);
			name = "[CP] Embed Pods Frameworks";
			outputPaths = (
			);
			runOnlyForDeploymentPostprocessing = 0;
			shellPath = /bin/sh;
			shellScript = "\"${SRCROOT}/Pods/Target Support Files/Pods-Budejie/Pods-Budejie-frameworks.sh\"\n";
			showEnvVarsInLog = 0;
		};
		699DB6F712587437BCB9CDE9 /* [CP] Copy Pods Resources */ = {
			isa = PBXShellScriptBuildPhase;
			buildActionMask = 2147483647;
			files = (
			);
			inputPaths = (
			);
			name = "[CP] Copy Pods Resources";
			outputPaths = (
			);
			runOnlyForDeploymentPostprocessing = 0;
			shellPath = /bin/sh;
			shellScript = "\"${SRCROOT}/Pods/Target Support Files/Pods-Budejie/Pods-Budejie-resources.sh\"\n";
			showEnvVarsInLog = 0;
		};
		C58CBC3FEE62C43FBA9E4CDC /* [CP] Check Pods Manifest.lock */ = {
			isa = PBXShellScriptBuildPhase;
			buildActionMask = 2147483647;
			files = (
			);
			inputPaths = (
			);
			name = "[CP] Check Pods Manifest.lock";
			outputPaths = (
			);
			runOnlyForDeploymentPostprocessing = 0;
			shellPath = /bin/sh;
			shellScript = "diff \"${PODS_ROOT}/../Podfile.lock\" \"${PODS_ROOT}/Manifest.lock\" > /dev/null\nif [[ $? != 0 ]] ; then\n    cat << EOM\nerror: The sandbox is not in sync with the Podfile.lock. Run 'pod install' or update your CocoaPods installation.\nEOM\n    exit 1\nfi\n";
			showEnvVarsInLog = 0;
		};
/* End PBXShellScriptBuildPhase section */

/* Begin PBXSourcesBuildPhase section */
		8CA5E3DE1DD07359001EDAF2 /* Sources */ = {
			isa = PBXSourcesBuildPhase;
			buildActionMask = 2147483647;
			files = (
				8C31EF961DD2FEBD00CA3CEA /* BSAttentionViewController.m in Sources */,
				8C31EFA91DD31AEB00CA3CEA /* BSLeftTagResultModel.m in Sources */,
				8CA5E4781DD07C24001EDAF2 /* BSNavigationController.m in Sources */,
				8C85E16E1DE15EE7007E53B4 /* BSEssenceBaseViewController.m in Sources */,
				8C5CB2AF1DD1C9EE008AB412 /* UIButton+Extension.m in Sources */,
				8C8E5AAD1DED8DF7007C370F /* BSPublishWordsViewController.m in Sources */,
				8C31EFAF1DD320F400CA3CEA /* BSLeftTagParameter.m in Sources */,
				8CA5E49B1DD07FDF001EDAF2 /* BSNewestViewController.m in Sources */,
				8C31EFB21DD32FB000CA3CEA /* BSLeftTagCell.m in Sources */,
				8C31EF991DD2FEDE00CA3CEA /* BSRecommendViewController.m in Sources */,
				8C22259A1DE65EF000ABAD21 /* BSCommentModel.m in Sources */,
				8C2225A11DE6C78600ABAD21 /* NSMutableAttributedString+Extension.m in Sources */,
				8C8E5A921DED3406007C370F /* BSMineParemeters.m in Sources */,
				8CA5E4241DD0754D001EDAF2 /* AppDelegate.m in Sources */,
				8CBFA8CE1DDBE092000C74CA /* BSPushGuidView.m in Sources */,
				8C8E5ABC1DEEA841007C370F /* BSAddTagViewController.m in Sources */,
				8C85E1371DE15618007E53B4 /* BSEssenceNetworkTool.m in Sources */,
				8C2225871DE597FC00ABAD21 /* BSEssenceVoiceView.m in Sources */,
				8C85E15E1DE15822007E53B4 /* BSTagCell.m in Sources */,
				8C85E17D1DE3ED27007E53B4 /* BSShowBigPicViewController.m in Sources */,
				8C85E12D1DE1537A007E53B4 /* BSEssenceParameter.m in Sources */,
				8CEDC0BE1DDAF1EB00EE6F56 /* BSMineViewController.m in Sources */,
				8CBFA8CB1DDB0A3D000C74CA /* BSVerticalButton.m in Sources */,
				8C2225821DE593B000ABAD21 /* BSEssencePictureView.m in Sources */,
				8C8E5AB91DEE72FC007C370F /* BSInputToolbar.m in Sources */,
				8C85E1161DDDB2CF007E53B4 /* BSInfoModel.m in Sources */,
				8CD409A51DD5CC2D00FB43CD /* BSTagNetworkTool.m in Sources */,
				8CC48E051DDAF3FD007E881B /* BSLoginRegisterViewController.m in Sources */,
				8C31EFC21DD4160500CA3CEA /* BSUserGroupCell.m in Sources */,
				8C8E5A8F1DED31A8007C370F /* BSMineFooterView.m in Sources */,
				8CBFA8C81DDB0472000C74CA /* BSTextField.m in Sources */,
				8CA5E4A31DD094CA001EDAF2 /* BSTabBar.m in Sources */,
				8CD4098F1DD567AF00FB43CD /* MBProgressHUD+Extension.m in Sources */,
				8CA453241DE7D5A300EA93DB /* BSCmtDetailParameter.m in Sources */,
				8C8E5A981DED3FDD007C370F /* BSMineItemModel.m in Sources */,
				8C8E5AB21DEE268A007C370F /* BSPublishView.m in Sources */,
				8C85E15F1DE15822007E53B4 /* BSTagViewController.m in Sources */,
				8CA5E4601DD078A9001EDAF2 /* UIImage+Extension.m in Sources */,
				8C31EFAC1DD320A300CA3CEA /* BSLeftTagNetworkTool.m in Sources */,
				8C8E5A9D1DED40C0007C370F /* BSMineItemNetworkTool.m in Sources */,
				8C8E5AA11DED5A03007C370F /* BSSquareButton.m in Sources */,
				8CA453271DE7E0BF00EA93DB /* BSCmtDetailResult.m in Sources */,
				8C85E1091DDDB079007E53B4 /* BSTagModel.m in Sources */,
				8C31EFA61DD3197C00CA3CEA /* BSLeftTagModel.m in Sources */,
				8C8E5A951DED346B007C370F /* BSMineItemResult.m in Sources */,
				8CA5E45D1DD07865001EDAF2 /* UIColor+Extension.m in Sources */,
				8C85E1191DDDB31C007E53B4 /* BSThemsModel.m in Sources */,
				8C85E10A1DDDB079007E53B4 /* BSTagParameter.m in Sources */,
				8CA453351DE80C6100EA93DB /* BSCmtSectionHeader.m in Sources */,
				8C31EFB91DD4111900CA3CEA /* BSUserGroupResultModel.m in Sources */,
				8C85E1561DE15822007E53B4 /* BSEssenceViewController.m in Sources */,
				8C85E1231DDEFAFD007E53B4 /* BSBaseCell.m in Sources */,
				8C8E5A8B1DED2A7C007C370F /* BSMineCell.m in Sources */,
				8C22258A1DE59FD500ABAD21 /* NSString+Extension.m in Sources */,
				8C31EFBF1DD413B100CA3CEA /* BSUserGroupNetworkTool.m in Sources */,
				8C8E5B0B1DEF7E96007C370F /* BSTitlteLeftButton.m in Sources */,
				8C8E5AA41DED6724007C370F /* BSWebViewController.m in Sources */,
				8C31EFC51DD41BC800CA3CEA /* UIImageView+Extension.m in Sources */,
				8CA453311DE7E3BA00EA93DB /* BSCmtNetworkTool.m in Sources */,
				8C22259D1DE65F1800ABAD21 /* BSUserModel.m in Sources */,
				8C2225971DE65C4D00ABAD21 /* BSEssenceTopCommentView.m in Sources */,
				8C85E1301DE153CF007E53B4 /* BSEssenceResult.m in Sources */,
				8C85E1791DE3E71E007E53B4 /* BSProgressView.m in Sources */,
				8C8E5B541DEFC88C007C370F /* BSTagTextField.m in Sources */,
				8CA453391DE8126C00EA93DB /* BSCommentCell.m in Sources */,
				8C31EF9F1DD3026E00CA3CEA /* BSNetworkTool.m in Sources */,
				8CA5E4A01DD09233001EDAF2 /* BSTabBarController.m in Sources */,
				8C31EFBC1DD4113500CA3CEA /* BSUserGroupParameter.m in Sources */,
				8C85E1261DE04E4A007E53B4 /* NSDate+Extension.m in Sources */,
				8CA5E4631DD078E0001EDAF2 /* UIView+Extension.m in Sources */,
				8C85E1331DE15407007E53B4 /* BSEssenceListModel.m in Sources */,
				8C8E5AB51DEE26B2007C370F /* BSPlaceHolderTextView.m in Sources */,
				8C2225901DE5D40800ABAD21 /* BSToolbarButton.m in Sources */,
				8C2225A51DE6E2C100ABAD21 /* BSComentDetailViewController.m in Sources */,
				8CA5E3E71DD07359001EDAF2 /* main.m in Sources */,
				8C2225931DE5D43B00ABAD21 /* BSEssenceVideoView.m in Sources */,
				8CA5E4281DD077A6001EDAF2 /* BSBaseViewController.m in Sources */,
				8C4D7ECA1DD1B4300076D629 /* NSObject+Extension.m in Sources */,
				8C31EFB61DD410FB00CA3CEA /* BSUserGroupModel.m in Sources */,
			);
			runOnlyForDeploymentPostprocessing = 0;
		};
		8CA5E3F71DD0735A001EDAF2 /* Sources */ = {
			isa = PBXSourcesBuildPhase;
			buildActionMask = 2147483647;
			files = (
				8CA5E4001DD0735A001EDAF2 /* BudejieTests.m in Sources */,
				8C22258B1DE5C72B00ABAD21 /* BSEssenceVoiceView.m in Sources */,
			);
			runOnlyForDeploymentPostprocessing = 0;
		};
		8CA5E4021DD0735A001EDAF2 /* Sources */ = {
			isa = PBXSourcesBuildPhase;
			buildActionMask = 2147483647;
			files = (
				8CA5E40B1DD0735A001EDAF2 /* BudejieUITests.m in Sources */,
			);
			runOnlyForDeploymentPostprocessing = 0;
		};
/* End PBXSourcesBuildPhase section */

/* Begin PBXTargetDependency section */
		8CA5E3FD1DD0735A001EDAF2 /* PBXTargetDependency */ = {
			isa = PBXTargetDependency;
			target = 8CA5E3E11DD07359001EDAF2 /* Budejie */;
			targetProxy = 8CA5E3FC1DD0735A001EDAF2 /* PBXContainerItemProxy */;
		};
		8CA5E4081DD0735A001EDAF2 /* PBXTargetDependency */ = {
			isa = PBXTargetDependency;
			target = 8CA5E3E11DD07359001EDAF2 /* Budejie */;
			targetProxy = 8CA5E4071DD0735A001EDAF2 /* PBXContainerItemProxy */;
		};
/* End PBXTargetDependency section */

/* Begin XCBuildConfiguration section */
		8CA5E40D1DD0735A001EDAF2 /* Debug */ = {
			isa = XCBuildConfiguration;
			buildSettings = {
				ALWAYS_SEARCH_USER_PATHS = NO;
				CLANG_CXX_LANGUAGE_STANDARD = "gnu++0x";
				CLANG_CXX_LIBRARY = "libc++";
				CLANG_ENABLE_MODULES = YES;
				CLANG_ENABLE_OBJC_ARC = YES;
				CLANG_WARN_BOOL_CONVERSION = YES;
				CLANG_WARN_CONSTANT_CONVERSION = YES;
				CLANG_WARN_DIRECT_OBJC_ISA_USAGE = YES_ERROR;
				CLANG_WARN_EMPTY_BODY = YES;
				CLANG_WARN_ENUM_CONVERSION = YES;
				CLANG_WARN_INT_CONVERSION = YES;
				CLANG_WARN_OBJC_ROOT_CLASS = YES_ERROR;
				CLANG_WARN_UNREACHABLE_CODE = YES;
				CLANG_WARN__DUPLICATE_METHOD_MATCH = YES;
				"CODE_SIGN_IDENTITY[sdk=iphoneos*]" = "iPhone Developer";
				COPY_PHASE_STRIP = NO;
				DEBUG_INFORMATION_FORMAT = dwarf;
				ENABLE_STRICT_OBJC_MSGSEND = YES;
				ENABLE_TESTABILITY = YES;
				GCC_C_LANGUAGE_STANDARD = gnu99;
				GCC_DYNAMIC_NO_PIC = NO;
				GCC_NO_COMMON_BLOCKS = YES;
				GCC_OPTIMIZATION_LEVEL = 0;
				GCC_PREPROCESSOR_DEFINITIONS = (
					"DEBUG=1",
					"$(inherited)",
				);
				GCC_WARN_64_TO_32_BIT_CONVERSION = YES;
				GCC_WARN_ABOUT_RETURN_TYPE = YES_ERROR;
				GCC_WARN_UNDECLARED_SELECTOR = YES;
				GCC_WARN_UNINITIALIZED_AUTOS = YES_AGGRESSIVE;
				GCC_WARN_UNUSED_FUNCTION = YES;
				GCC_WARN_UNUSED_VARIABLE = YES;
				IPHONEOS_DEPLOYMENT_TARGET = 9.2;
				MTL_ENABLE_DEBUG_INFO = YES;
				ONLY_ACTIVE_ARCH = YES;
				SDKROOT = iphoneos;
			};
			name = Debug;
		};
		8CA5E40E1DD0735A001EDAF2 /* Release */ = {
			isa = XCBuildConfiguration;
			buildSettings = {
				ALWAYS_SEARCH_USER_PATHS = NO;
				CLANG_CXX_LANGUAGE_STANDARD = "gnu++0x";
				CLANG_CXX_LIBRARY = "libc++";
				CLANG_ENABLE_MODULES = YES;
				CLANG_ENABLE_OBJC_ARC = YES;
				CLANG_WARN_BOOL_CONVERSION = YES;
				CLANG_WARN_CONSTANT_CONVERSION = YES;
				CLANG_WARN_DIRECT_OBJC_ISA_USAGE = YES_ERROR;
				CLANG_WARN_EMPTY_BODY = YES;
				CLANG_WARN_ENUM_CONVERSION = YES;
				CLANG_WARN_INT_CONVERSION = YES;
				CLANG_WARN_OBJC_ROOT_CLASS = YES_ERROR;
				CLANG_WARN_UNREACHABLE_CODE = YES;
				CLANG_WARN__DUPLICATE_METHOD_MATCH = YES;
				"CODE_SIGN_IDENTITY[sdk=iphoneos*]" = "iPhone Developer";
				COPY_PHASE_STRIP = NO;
				DEBUG_INFORMATION_FORMAT = "dwarf-with-dsym";
				ENABLE_NS_ASSERTIONS = NO;
				ENABLE_STRICT_OBJC_MSGSEND = YES;
				GCC_C_LANGUAGE_STANDARD = gnu99;
				GCC_NO_COMMON_BLOCKS = YES;
				GCC_WARN_64_TO_32_BIT_CONVERSION = YES;
				GCC_WARN_ABOUT_RETURN_TYPE = YES_ERROR;
				GCC_WARN_UNDECLARED_SELECTOR = YES;
				GCC_WARN_UNINITIALIZED_AUTOS = YES_AGGRESSIVE;
				GCC_WARN_UNUSED_FUNCTION = YES;
				GCC_WARN_UNUSED_VARIABLE = YES;
				IPHONEOS_DEPLOYMENT_TARGET = 9.2;
				MTL_ENABLE_DEBUG_INFO = NO;
				SDKROOT = iphoneos;
				VALIDATE_PRODUCT = YES;
			};
			name = Release;
		};
		8CA5E4101DD0735A001EDAF2 /* Debug */ = {
			isa = XCBuildConfiguration;
			baseConfigurationReference = 076394FE801596C521CA8176 /* Pods-Budejie.debug.xcconfig */;
			buildSettings = {
				ASSETCATALOG_COMPILER_APPICON_NAME = AppIcon;
				ASSETCATALOG_COMPILER_LAUNCHIMAGE_NAME = LaunchImage;
				CODE_SIGN_IDENTITY = "iPhone Developer";
				DEVELOPMENT_TEAM = ZRH7G9EDH6;
				GCC_PRECOMPILE_PREFIX_HEADER = YES;
				GCC_PREFIX_HEADER = Budejie/PrefixHeader.pch;
				INFOPLIST_FILE = Budejie/Info.plist;
				IPHONEOS_DEPLOYMENT_TARGET = 7.0;
				LD_RUNPATH_SEARCH_PATHS = "$(inherited) @executable_path/Frameworks";
				PRODUCT_BUNDLE_IDENTIFIER = com.github.jentlezhi;
				PRODUCT_NAME = "$(TARGET_NAME)";
			};
			name = Debug;
		};
		8CA5E4111DD0735A001EDAF2 /* Release */ = {
			isa = XCBuildConfiguration;
			baseConfigurationReference = A28B3EFAD0A1696E7E47816E /* Pods-Budejie.release.xcconfig */;
			buildSettings = {
				ASSETCATALOG_COMPILER_APPICON_NAME = AppIcon;
				ASSETCATALOG_COMPILER_LAUNCHIMAGE_NAME = LaunchImage;
				CODE_SIGN_IDENTITY = "iPhone Developer";
				DEVELOPMENT_TEAM = ZRH7G9EDH6;
				GCC_PRECOMPILE_PREFIX_HEADER = YES;
				GCC_PREFIX_HEADER = Budejie/PrefixHeader.pch;
				INFOPLIST_FILE = Budejie/Info.plist;
				IPHONEOS_DEPLOYMENT_TARGET = 7.0;
				LD_RUNPATH_SEARCH_PATHS = "$(inherited) @executable_path/Frameworks";
				PRODUCT_BUNDLE_IDENTIFIER = com.github.jentlezhi;
				PRODUCT_NAME = "$(TARGET_NAME)";
			};
			name = Release;
		};
		8CA5E4131DD0735A001EDAF2 /* Debug */ = {
			isa = XCBuildConfiguration;
			buildSettings = {
				BUNDLE_LOADER = "$(TEST_HOST)";
				INFOPLIST_FILE = BudejieTests/Info.plist;
				LD_RUNPATH_SEARCH_PATHS = "$(inherited) @executable_path/Frameworks @loader_path/Frameworks";
				PRODUCT_BUNDLE_IDENTIFIER = Jentle.zhi.BudejieTests;
				PRODUCT_NAME = "$(TARGET_NAME)";
				TEST_HOST = "$(BUILT_PRODUCTS_DIR)/Budejie.app/Budejie";
			};
			name = Debug;
		};
		8CA5E4141DD0735A001EDAF2 /* Release */ = {
			isa = XCBuildConfiguration;
			buildSettings = {
				BUNDLE_LOADER = "$(TEST_HOST)";
				INFOPLIST_FILE = BudejieTests/Info.plist;
				LD_RUNPATH_SEARCH_PATHS = "$(inherited) @executable_path/Frameworks @loader_path/Frameworks";
				PRODUCT_BUNDLE_IDENTIFIER = Jentle.zhi.BudejieTests;
				PRODUCT_NAME = "$(TARGET_NAME)";
				TEST_HOST = "$(BUILT_PRODUCTS_DIR)/Budejie.app/Budejie";
			};
			name = Release;
		};
		8CA5E4161DD0735A001EDAF2 /* Debug */ = {
			isa = XCBuildConfiguration;
			buildSettings = {
				INFOPLIST_FILE = BudejieUITests/Info.plist;
				LD_RUNPATH_SEARCH_PATHS = "$(inherited) @executable_path/Frameworks @loader_path/Frameworks";
				PRODUCT_BUNDLE_IDENTIFIER = Jentle.zhi.BudejieUITests;
				PRODUCT_NAME = "$(TARGET_NAME)";
				TEST_TARGET_NAME = Budejie;
				USES_XCTRUNNER = YES;
			};
			name = Debug;
		};
		8CA5E4171DD0735A001EDAF2 /* Release */ = {
			isa = XCBuildConfiguration;
			buildSettings = {
				INFOPLIST_FILE = BudejieUITests/Info.plist;
				LD_RUNPATH_SEARCH_PATHS = "$(inherited) @executable_path/Frameworks @loader_path/Frameworks";
				PRODUCT_BUNDLE_IDENTIFIER = Jentle.zhi.BudejieUITests;
				PRODUCT_NAME = "$(TARGET_NAME)";
				TEST_TARGET_NAME = Budejie;
				USES_XCTRUNNER = YES;
			};
			name = Release;
		};
/* End XCBuildConfiguration section */

/* Begin XCConfigurationList section */
		8CA5E3DD1DD07359001EDAF2 /* Build configuration list for PBXProject "Budejie" */ = {
			isa = XCConfigurationList;
			buildConfigurations = (
				8CA5E40D1DD0735A001EDAF2 /* Debug */,
				8CA5E40E1DD0735A001EDAF2 /* Release */,
			);
			defaultConfigurationIsVisible = 0;
			defaultConfigurationName = Release;
		};
		8CA5E40F1DD0735A001EDAF2 /* Build configuration list for PBXNativeTarget "Budejie" */ = {
			isa = XCConfigurationList;
			buildConfigurations = (
				8CA5E4101DD0735A001EDAF2 /* Debug */,
				8CA5E4111DD0735A001EDAF2 /* Release */,
			);
			defaultConfigurationIsVisible = 0;
			defaultConfigurationName = Release;
		};
		8CA5E4121DD0735A001EDAF2 /* Build configuration list for PBXNativeTarget "BudejieTests" */ = {
			isa = XCConfigurationList;
			buildConfigurations = (
				8CA5E4131DD0735A001EDAF2 /* Debug */,
				8CA5E4141DD0735A001EDAF2 /* Release */,
			);
			defaultConfigurationIsVisible = 0;
			defaultConfigurationName = Release;
		};
		8CA5E4151DD0735A001EDAF2 /* Build configuration list for PBXNativeTarget "BudejieUITests" */ = {
			isa = XCConfigurationList;
			buildConfigurations = (
				8CA5E4161DD0735A001EDAF2 /* Debug */,
				8CA5E4171DD0735A001EDAF2 /* Release */,
			);
			defaultConfigurationIsVisible = 0;
			defaultConfigurationName = Release;
		};
/* End XCConfigurationList section */
	};
	rootObject = 8CA5E3DA1DD07359001EDAF2 /* Project object */;
}
